// !$*UTF8*$!
{
	archiveVersion = 1;
	classes = {
	};
	objectVersion = 55;
	objects = {

/* Begin PBXBuildFile section */
		D915745D27C37B8D00F120E9 /* SideMenuTabs.swift in Sources */ = {isa = PBXBuildFile; fileRef = D915745C27C37B8D00F120E9 /* SideMenuTabs.swift */; };
		D915745F27C3861400F120E9 /* MyOrdersViewController.swift in Sources */ = {isa = PBXBuildFile; fileRef = D915745E27C3861400F120E9 /* MyOrdersViewController.swift */; };
		D915746127C386AB00F120E9 /* PaymentViewController.swift in Sources */ = {isa = PBXBuildFile; fileRef = D915746027C386AB00F120E9 /* PaymentViewController.swift */; };
		D915746327C3A8E800F120E9 /* SideMenu.swift in Sources */ = {isa = PBXBuildFile; fileRef = D915746227C3A8E800F120E9 /* SideMenu.swift */; };
		D915746527C3A95A00F120E9 /* SideMenuModel.swift in Sources */ = {isa = PBXBuildFile; fileRef = D915746427C3A95A00F120E9 /* SideMenuModel.swift */; };
		D915746C27C3AE6B00F120E9 /* UITableViewCell.swift in Sources */ = {isa = PBXBuildFile; fileRef = D915746B27C3AE6B00F120E9 /* UITableViewCell.swift */; };
		D920C7DC27C4D3F80046B717 /* CheckoutViewController.swift in Sources */ = {isa = PBXBuildFile; fileRef = D920C7DB27C4D3F80046B717 /* CheckoutViewController.swift */; };
		D920C7DE27C4D67A0046B717 /* CheckoutView.swift in Sources */ = {isa = PBXBuildFile; fileRef = D920C7DD27C4D67A0046B717 /* CheckoutView.swift */; };
		D920C7E127C4FD090046B717 /* PaymentDetailView.xib in Resources */ = {isa = PBXBuildFile; fileRef = D920C7E027C4FD090046B717 /* PaymentDetailView.xib */; };
		D920C7E327C500220046B717 /* PaymentDetailView.swift in Sources */ = {isa = PBXBuildFile; fileRef = D920C7E227C500220046B717 /* PaymentDetailView.swift */; };
		D920C7E527C52AB90046B717 /* PaymentMethodView.xib in Resources */ = {isa = PBXBuildFile; fileRef = D920C7E427C52AB90046B717 /* PaymentMethodView.xib */; };
		D920C7E727C52ACF0046B717 /* PaymentMethodView.swift in Sources */ = {isa = PBXBuildFile; fileRef = D920C7E627C52ACF0046B717 /* PaymentMethodView.swift */; };
		D92244D827AC13E100518815 /* UIView.swift in Sources */ = {isa = PBXBuildFile; fileRef = D92244D727AC13E100518815 /* UIView.swift */; };
		D92796CE27BA44FE00398A00 /* PideBienViewModel.swift in Sources */ = {isa = PBXBuildFile; fileRef = D92796CD27BA44FE00398A00 /* PideBienViewModel.swift */; };
		D92796D227BA608B00398A00 /* UICollectionViewCell.swift in Sources */ = {isa = PBXBuildFile; fileRef = D92796D127BA608B00398A00 /* UICollectionViewCell.swift */; };
		D92FF59127C603AC0025274E /* PriceDisplayingView.swift in Sources */ = {isa = PBXBuildFile; fileRef = D92FF59027C603AC0025274E /* PriceDisplayingView.swift */; };
		D92FF59327C604050025274E /* PriceDisplayingView.xib in Resources */ = {isa = PBXBuildFile; fileRef = D92FF59227C604050025274E /* PriceDisplayingView.xib */; };
		D92FF59527C60B070025274E /* PromoCodeView.xib in Resources */ = {isa = PBXBuildFile; fileRef = D92FF59427C60B070025274E /* PromoCodeView.xib */; };
		D92FF59727C60B130025274E /* PromoCodeView.swift in Sources */ = {isa = PBXBuildFile; fileRef = D92FF59627C60B130025274E /* PromoCodeView.swift */; };
		D932ABB627BE6CD4008A1020 /* SideMenuActionView.swift in Sources */ = {isa = PBXBuildFile; fileRef = D932ABB327BE6CD4008A1020 /* SideMenuActionView.swift */; };
		D932ABB727BE6CD4008A1020 /* SideMenuView.swift in Sources */ = {isa = PBXBuildFile; fileRef = D932ABB427BE6CD4008A1020 /* SideMenuView.swift */; };
		D932ABB927BE8924008A1020 /* SideMenuActionView.xib in Resources */ = {isa = PBXBuildFile; fileRef = D932ABB227BE6CD4008A1020 /* SideMenuActionView.xib */; };
		D95933B027A923A200A2D9EA /* TextFieldValidationStatus.swift in Sources */ = {isa = PBXBuildFile; fileRef = D95933AF27A923A200A2D9EA /* TextFieldValidationStatus.swift */; };
		D95933B227A92CA200A2D9EA /* LocalizedKey.swift in Sources */ = {isa = PBXBuildFile; fileRef = D95933B127A92CA200A2D9EA /* LocalizedKey.swift */; };
		D95933B427A92D4D00A2D9EA /* PidenBienMainScreenView.swift in Sources */ = {isa = PBXBuildFile; fileRef = D95933B327A92D4D00A2D9EA /* PidenBienMainScreenView.swift */; };
		D97F2AF127BA3BB000F31F88 /* ScrollItems.swift in Sources */ = {isa = PBXBuildFile; fileRef = D97F2AF027BA3BB000F31F88 /* ScrollItems.swift */; };
		D983743E27C4ACBD004EAE53 /* AppDelegate.swift in Sources */ = {isa = PBXBuildFile; fileRef = D983743D27C4ACBD004EAE53 /* AppDelegate.swift */; };
		D98F205A2771EAAA001C41D8 /* SignUpView.swift in Sources */ = {isa = PBXBuildFile; fileRef = D98F20592771EAAA001C41D8 /* SignUpView.swift */; };
		D98F205D2771FABF001C41D8 /* ColorExtentions.swift in Sources */ = {isa = PBXBuildFile; fileRef = D98F205C2771FABF001C41D8 /* ColorExtentions.swift */; };
		D98F205F2771FB65001C41D8 /* CALayerExtentions.swift in Sources */ = {isa = PBXBuildFile; fileRef = D98F205E2771FB65001C41D8 /* CALayerExtentions.swift */; };
		D98F20612771FB98001C41D8 /* StringExtentions.swift in Sources */ = {isa = PBXBuildFile; fileRef = D98F20602771FB98001C41D8 /* StringExtentions.swift */; };
		D991E7D1277341E6008752B7 /* AppConstants.swift in Sources */ = {isa = PBXBuildFile; fileRef = D991E7D0277341E6008752B7 /* AppConstants.swift */; };
		D991E7D3277346F1008752B7 /* UIAlertControllerExtention.swift in Sources */ = {isa = PBXBuildFile; fileRef = D991E7D2277346F1008752B7 /* UIAlertControllerExtention.swift */; };
		D992AB1E2774AE0000903EDC /* UIStoryboard.swift in Sources */ = {isa = PBXBuildFile; fileRef = D992AB1D2774AE0000903EDC /* UIStoryboard.swift */; };
		D992C04F276A4FC0009FB111 /* SceneDelegate.swift in Sources */ = {isa = PBXBuildFile; fileRef = D992C04E276A4FC0009FB111 /* SceneDelegate.swift */; };
		D992C051276A4FC0009FB111 /* SignUpViewController.swift in Sources */ = {isa = PBXBuildFile; fileRef = D992C050276A4FC0009FB111 /* SignUpViewController.swift */; };
		D992C054276A4FC0009FB111 /* Main.storyboard in Resources */ = {isa = PBXBuildFile; fileRef = D992C052276A4FC0009FB111 /* Main.storyboard */; };
		D992C056276A4FC2009FB111 /* Assets.xcassets in Resources */ = {isa = PBXBuildFile; fileRef = D992C055276A4FC2009FB111 /* Assets.xcassets */; };
		D992C059276A4FC2009FB111 /* LaunchScreen.storyboard in Resources */ = {isa = PBXBuildFile; fileRef = D992C057276A4FC2009FB111 /* LaunchScreen.storyboard */; };
		D992C064276A4FC2009FB111 /* Sign_Up_DemoTests.swift in Sources */ = {isa = PBXBuildFile; fileRef = D992C063276A4FC2009FB111 /* Sign_Up_DemoTests.swift */; };
		D992C06E276A4FC2009FB111 /* Sign_Up_DemoUITests.swift in Sources */ = {isa = PBXBuildFile; fileRef = D992C06D276A4FC2009FB111 /* Sign_Up_DemoUITests.swift */; };
		D992C070276A4FC2009FB111 /* Sign_Up_DemoUITestsLaunchTests.swift in Sources */ = {isa = PBXBuildFile; fileRef = D992C06F276A4FC2009FB111 /* Sign_Up_DemoUITestsLaunchTests.swift */; };
		D9B1412F27BE5824004A04CE /* SideMenuViewController.swift in Sources */ = {isa = PBXBuildFile; fileRef = D9B1412E27BE5824004A04CE /* SideMenuViewController.swift */; };
		D9B1413127BE5865004A04CE /* MainViewController.swift in Sources */ = {isa = PBXBuildFile; fileRef = D9B1413027BE5865004A04CE /* MainViewController.swift */; };
		D9B5112027BCBF400065F19D /* HomeViewController.swift in Sources */ = {isa = PBXBuildFile; fileRef = D9B5111F27BCBF400065F19D /* HomeViewController.swift */; };
		D9B5112527BCC1EB0065F19D /* FooterCollectionReuseableView.xib in Resources */ = {isa = PBXBuildFile; fileRef = D9B5112127BCC1EA0065F19D /* FooterCollectionReuseableView.xib */; };
		D9B5112627BCC1EB0065F19D /* HeaderCollectionReusableView.swift in Sources */ = {isa = PBXBuildFile; fileRef = D9B5112227BCC1EB0065F19D /* HeaderCollectionReusableView.swift */; };
		D9B5112727BCC1EB0065F19D /* HeaderCollectionReusableView.xib in Resources */ = {isa = PBXBuildFile; fileRef = D9B5112327BCC1EB0065F19D /* HeaderCollectionReusableView.xib */; };
		D9B5112827BCC1EB0065F19D /* FooterCollectionReuseableView.swift in Sources */ = {isa = PBXBuildFile; fileRef = D9B5112427BCC1EB0065F19D /* FooterCollectionReuseableView.swift */; };
		D9B5112B27BCC20B0065F19D /* VerticalCollectionCell.swift in Sources */ = {isa = PBXBuildFile; fileRef = D9B5112927BCC20B0065F19D /* VerticalCollectionCell.swift */; };
		D9B5112C27BCC20B0065F19D /* VerticalCollectionCell.xib in Resources */ = {isa = PBXBuildFile; fileRef = D9B5112A27BCC20B0065F19D /* VerticalCollectionCell.xib */; };
		D9B5112E27BCC6D90065F19D /* UIViewController.swift in Sources */ = {isa = PBXBuildFile; fileRef = D9B5112D27BCC6D90065F19D /* UIViewController.swift */; };
		D9B5113127BCD3F70065F19D /* UICollectionReusableView.swift in Sources */ = {isa = PBXBuildFile; fileRef = D9B5113027BCD3F70065F19D /* UICollectionReusableView.swift */; };
		D9B5113327BCD8390065F19D /* Section.swift in Sources */ = {isa = PBXBuildFile; fileRef = D9B5113227BCD8390065F19D /* Section.swift */; };
		D9B5113527BCDD200065F19D /* HorizontalCollectionCell.swift in Sources */ = {isa = PBXBuildFile; fileRef = D9B5113427BCDD200065F19D /* HorizontalCollectionCell.swift */; };
		D9B5113727BCDDC20065F19D /* HorizontalCollectionCell.xib in Resources */ = {isa = PBXBuildFile; fileRef = D9B5113627BCDDC20065F19D /* HorizontalCollectionCell.xib */; };
		D9C1923727706AD00077C782 /* User.swift in Sources */ = {isa = PBXBuildFile; fileRef = D9C1923627706AD00077C782 /* User.swift */; };
		D9C5F12627CC9BF10004E3D8 /* OrderSummaryTableCell.swift in Sources */ = {isa = PBXBuildFile; fileRef = D9C5F12527CC9BF10004E3D8 /* OrderSummaryTableCell.swift */; };
		D9C5F12827CC9C050004E3D8 /* OrderSummaryTableCell.xib in Resources */ = {isa = PBXBuildFile; fileRef = D9C5F12727CC9C050004E3D8 /* OrderSummaryTableCell.xib */; };
		D9F2A50127BD360E00005658 /* BaseViewController.swift in Sources */ = {isa = PBXBuildFile; fileRef = D9F2A50027BD360E00005658 /* BaseViewController.swift */; };
		D9FC4F4827C8BEC400F983A7 /* OrderSummaryViewController.swift in Sources */ = {isa = PBXBuildFile; fileRef = D9FC4F4727C8BEC400F983A7 /* OrderSummaryViewController.swift */; };
		D9FC4F4A27C8CA3D00F983A7 /* OrderSummaryView.swift in Sources */ = {isa = PBXBuildFile; fileRef = D9FC4F4927C8CA3D00F983A7 /* OrderSummaryView.swift */; };
/* End PBXBuildFile section */

/* Begin PBXContainerItemProxy section */
		D992C060276A4FC2009FB111 /* PBXContainerItemProxy */ = {
			isa = PBXContainerItemProxy;
			containerPortal = D992C041276A4FC0009FB111 /* Project object */;
			proxyType = 1;
			remoteGlobalIDString = D992C048276A4FC0009FB111;
			remoteInfo = Sign_Up_Demo;
		};
		D992C06A276A4FC2009FB111 /* PBXContainerItemProxy */ = {
			isa = PBXContainerItemProxy;
			containerPortal = D992C041276A4FC0009FB111 /* Project object */;
			proxyType = 1;
			remoteGlobalIDString = D992C048276A4FC0009FB111;
			remoteInfo = Sign_Up_Demo;
		};
/* End PBXContainerItemProxy section */

/* Begin PBXFileReference section */
		D915745C27C37B8D00F120E9 /* SideMenuTabs.swift */ = {isa = PBXFileReference; lastKnownFileType = sourcecode.swift; path = SideMenuTabs.swift; sourceTree = "<group>"; };
		D915745E27C3861400F120E9 /* MyOrdersViewController.swift */ = {isa = PBXFileReference; lastKnownFileType = sourcecode.swift; path = MyOrdersViewController.swift; sourceTree = "<group>"; };
		D915746027C386AB00F120E9 /* PaymentViewController.swift */ = {isa = PBXFileReference; lastKnownFileType = sourcecode.swift; path = PaymentViewController.swift; sourceTree = "<group>"; };
		D915746227C3A8E800F120E9 /* SideMenu.swift */ = {isa = PBXFileReference; lastKnownFileType = sourcecode.swift; path = SideMenu.swift; sourceTree = "<group>"; };
		D915746427C3A95A00F120E9 /* SideMenuModel.swift */ = {isa = PBXFileReference; lastKnownFileType = sourcecode.swift; path = SideMenuModel.swift; sourceTree = "<group>"; };
		D915746B27C3AE6B00F120E9 /* UITableViewCell.swift */ = {isa = PBXFileReference; lastKnownFileType = sourcecode.swift; path = UITableViewCell.swift; sourceTree = "<group>"; };
		D920C7DB27C4D3F80046B717 /* CheckoutViewController.swift */ = {isa = PBXFileReference; lastKnownFileType = sourcecode.swift; path = CheckoutViewController.swift; sourceTree = "<group>"; };
		D920C7DD27C4D67A0046B717 /* CheckoutView.swift */ = {isa = PBXFileReference; lastKnownFileType = sourcecode.swift; path = CheckoutView.swift; sourceTree = "<group>"; };
		D920C7E027C4FD090046B717 /* PaymentDetailView.xib */ = {isa = PBXFileReference; lastKnownFileType = file.xib; path = PaymentDetailView.xib; sourceTree = "<group>"; };
		D920C7E227C500220046B717 /* PaymentDetailView.swift */ = {isa = PBXFileReference; lastKnownFileType = sourcecode.swift; path = PaymentDetailView.swift; sourceTree = "<group>"; };
		D920C7E427C52AB90046B717 /* PaymentMethodView.xib */ = {isa = PBXFileReference; lastKnownFileType = file.xib; path = PaymentMethodView.xib; sourceTree = "<group>"; };
		D920C7E627C52ACF0046B717 /* PaymentMethodView.swift */ = {isa = PBXFileReference; lastKnownFileType = sourcecode.swift; path = PaymentMethodView.swift; sourceTree = "<group>"; };
		D92244D727AC13E100518815 /* UIView.swift */ = {isa = PBXFileReference; lastKnownFileType = sourcecode.swift; path = UIView.swift; sourceTree = "<group>"; };
		D92796CD27BA44FE00398A00 /* PideBienViewModel.swift */ = {isa = PBXFileReference; lastKnownFileType = sourcecode.swift; path = PideBienViewModel.swift; sourceTree = "<group>"; };
		D92796D127BA608B00398A00 /* UICollectionViewCell.swift */ = {isa = PBXFileReference; fileEncoding = 4; lastKnownFileType = sourcecode.swift; path = UICollectionViewCell.swift; sourceTree = "<group>"; };
		D92FF59027C603AC0025274E /* PriceDisplayingView.swift */ = {isa = PBXFileReference; lastKnownFileType = sourcecode.swift; path = PriceDisplayingView.swift; sourceTree = "<group>"; };
		D92FF59227C604050025274E /* PriceDisplayingView.xib */ = {isa = PBXFileReference; lastKnownFileType = file.xib; path = PriceDisplayingView.xib; sourceTree = "<group>"; };
		D92FF59427C60B070025274E /* PromoCodeView.xib */ = {isa = PBXFileReference; lastKnownFileType = file.xib; path = PromoCodeView.xib; sourceTree = "<group>"; };
		D92FF59627C60B130025274E /* PromoCodeView.swift */ = {isa = PBXFileReference; lastKnownFileType = sourcecode.swift; path = PromoCodeView.swift; sourceTree = "<group>"; };
		D932ABB227BE6CD4008A1020 /* SideMenuActionView.xib */ = {isa = PBXFileReference; fileEncoding = 4; lastKnownFileType = file.xib; path = SideMenuActionView.xib; sourceTree = "<group>"; };
		D932ABB327BE6CD4008A1020 /* SideMenuActionView.swift */ = {isa = PBXFileReference; fileEncoding = 4; lastKnownFileType = sourcecode.swift; path = SideMenuActionView.swift; sourceTree = "<group>"; };
		D932ABB427BE6CD4008A1020 /* SideMenuView.swift */ = {isa = PBXFileReference; fileEncoding = 4; lastKnownFileType = sourcecode.swift; path = SideMenuView.swift; sourceTree = "<group>"; };
		D95933AF27A923A200A2D9EA /* TextFieldValidationStatus.swift */ = {isa = PBXFileReference; lastKnownFileType = sourcecode.swift; path = TextFieldValidationStatus.swift; sourceTree = "<group>"; };
		D95933B127A92CA200A2D9EA /* LocalizedKey.swift */ = {isa = PBXFileReference; fileEncoding = 4; lastKnownFileType = sourcecode.swift; path = LocalizedKey.swift; sourceTree = "<group>"; };
		D95933B327A92D4D00A2D9EA /* PidenBienMainScreenView.swift */ = {isa = PBXFileReference; lastKnownFileType = sourcecode.swift; path = PidenBienMainScreenView.swift; sourceTree = "<group>"; };
		D97F2AF027BA3BB000F31F88 /* ScrollItems.swift */ = {isa = PBXFileReference; fileEncoding = 4; lastKnownFileType = sourcecode.swift; path = ScrollItems.swift; sourceTree = "<group>"; };
		D983743D27C4ACBD004EAE53 /* AppDelegate.swift */ = {isa = PBXFileReference; fileEncoding = 4; lastKnownFileType = sourcecode.swift; path = AppDelegate.swift; sourceTree = "<group>"; };
		D98F20592771EAAA001C41D8 /* SignUpView.swift */ = {isa = PBXFileReference; lastKnownFileType = sourcecode.swift; path = SignUpView.swift; sourceTree = "<group>"; };
		D98F205C2771FABF001C41D8 /* ColorExtentions.swift */ = {isa = PBXFileReference; lastKnownFileType = sourcecode.swift; path = ColorExtentions.swift; sourceTree = "<group>"; };
		D98F205E2771FB65001C41D8 /* CALayerExtentions.swift */ = {isa = PBXFileReference; lastKnownFileType = sourcecode.swift; path = CALayerExtentions.swift; sourceTree = "<group>"; };
		D98F20602771FB98001C41D8 /* StringExtentions.swift */ = {isa = PBXFileReference; lastKnownFileType = sourcecode.swift; path = StringExtentions.swift; sourceTree = "<group>"; };
		D991E7D0277341E6008752B7 /* AppConstants.swift */ = {isa = PBXFileReference; lastKnownFileType = sourcecode.swift; path = AppConstants.swift; sourceTree = "<group>"; };
		D991E7D2277346F1008752B7 /* UIAlertControllerExtention.swift */ = {isa = PBXFileReference; lastKnownFileType = sourcecode.swift; path = UIAlertControllerExtention.swift; sourceTree = "<group>"; };
		D992AB1D2774AE0000903EDC /* UIStoryboard.swift */ = {isa = PBXFileReference; lastKnownFileType = sourcecode.swift; path = UIStoryboard.swift; sourceTree = "<group>"; };
		D992C049276A4FC0009FB111 /* Sign_Up_Demo.app */ = {isa = PBXFileReference; explicitFileType = wrapper.application; includeInIndex = 0; path = Sign_Up_Demo.app; sourceTree = BUILT_PRODUCTS_DIR; };
		D992C04E276A4FC0009FB111 /* SceneDelegate.swift */ = {isa = PBXFileReference; lastKnownFileType = sourcecode.swift; path = SceneDelegate.swift; sourceTree = "<group>"; };
		D992C050276A4FC0009FB111 /* SignUpViewController.swift */ = {isa = PBXFileReference; lastKnownFileType = sourcecode.swift; path = SignUpViewController.swift; sourceTree = "<group>"; };
		D992C053276A4FC0009FB111 /* Base */ = {isa = PBXFileReference; lastKnownFileType = file.storyboard; name = Base; path = Base.lproj/Main.storyboard; sourceTree = "<group>"; };
		D992C055276A4FC2009FB111 /* Assets.xcassets */ = {isa = PBXFileReference; lastKnownFileType = folder.assetcatalog; path = Assets.xcassets; sourceTree = "<group>"; };
		D992C058276A4FC2009FB111 /* Base */ = {isa = PBXFileReference; lastKnownFileType = file.storyboard; name = Base; path = Base.lproj/LaunchScreen.storyboard; sourceTree = "<group>"; };
		D992C05A276A4FC2009FB111 /* Info.plist */ = {isa = PBXFileReference; lastKnownFileType = text.plist.xml; path = Info.plist; sourceTree = "<group>"; };
		D992C05F276A4FC2009FB111 /* Sign_Up_DemoTests.xctest */ = {isa = PBXFileReference; explicitFileType = wrapper.cfbundle; includeInIndex = 0; path = Sign_Up_DemoTests.xctest; sourceTree = BUILT_PRODUCTS_DIR; };
		D992C063276A4FC2009FB111 /* Sign_Up_DemoTests.swift */ = {isa = PBXFileReference; lastKnownFileType = sourcecode.swift; path = Sign_Up_DemoTests.swift; sourceTree = "<group>"; };
		D992C069276A4FC2009FB111 /* Sign_Up_DemoUITests.xctest */ = {isa = PBXFileReference; explicitFileType = wrapper.cfbundle; includeInIndex = 0; path = Sign_Up_DemoUITests.xctest; sourceTree = BUILT_PRODUCTS_DIR; };
		D992C06D276A4FC2009FB111 /* Sign_Up_DemoUITests.swift */ = {isa = PBXFileReference; lastKnownFileType = sourcecode.swift; path = Sign_Up_DemoUITests.swift; sourceTree = "<group>"; };
		D992C06F276A4FC2009FB111 /* Sign_Up_DemoUITestsLaunchTests.swift */ = {isa = PBXFileReference; lastKnownFileType = sourcecode.swift; path = Sign_Up_DemoUITestsLaunchTests.swift; sourceTree = "<group>"; };
		D9B1412E27BE5824004A04CE /* SideMenuViewController.swift */ = {isa = PBXFileReference; lastKnownFileType = sourcecode.swift; path = SideMenuViewController.swift; sourceTree = "<group>"; };
		D9B1413027BE5865004A04CE /* MainViewController.swift */ = {isa = PBXFileReference; lastKnownFileType = sourcecode.swift; path = MainViewController.swift; sourceTree = "<group>"; };
		D9B5111F27BCBF400065F19D /* HomeViewController.swift */ = {isa = PBXFileReference; lastKnownFileType = sourcecode.swift; path = HomeViewController.swift; sourceTree = "<group>"; };
		D9B5112127BCC1EA0065F19D /* FooterCollectionReuseableView.xib */ = {isa = PBXFileReference; fileEncoding = 4; lastKnownFileType = file.xib; path = FooterCollectionReuseableView.xib; sourceTree = "<group>"; };
		D9B5112227BCC1EB0065F19D /* HeaderCollectionReusableView.swift */ = {isa = PBXFileReference; fileEncoding = 4; lastKnownFileType = sourcecode.swift; path = HeaderCollectionReusableView.swift; sourceTree = "<group>"; };
		D9B5112327BCC1EB0065F19D /* HeaderCollectionReusableView.xib */ = {isa = PBXFileReference; fileEncoding = 4; lastKnownFileType = file.xib; path = HeaderCollectionReusableView.xib; sourceTree = "<group>"; };
		D9B5112427BCC1EB0065F19D /* FooterCollectionReuseableView.swift */ = {isa = PBXFileReference; fileEncoding = 4; lastKnownFileType = sourcecode.swift; path = FooterCollectionReuseableView.swift; sourceTree = "<group>"; };
		D9B5112927BCC20B0065F19D /* VerticalCollectionCell.swift */ = {isa = PBXFileReference; fileEncoding = 4; lastKnownFileType = sourcecode.swift; path = VerticalCollectionCell.swift; sourceTree = "<group>"; };
		D9B5112A27BCC20B0065F19D /* VerticalCollectionCell.xib */ = {isa = PBXFileReference; fileEncoding = 4; lastKnownFileType = file.xib; path = VerticalCollectionCell.xib; sourceTree = "<group>"; };
		D9B5112D27BCC6D90065F19D /* UIViewController.swift */ = {isa = PBXFileReference; fileEncoding = 4; lastKnownFileType = sourcecode.swift; path = UIViewController.swift; sourceTree = "<group>"; };
		D9B5113027BCD3F70065F19D /* UICollectionReusableView.swift */ = {isa = PBXFileReference; lastKnownFileType = sourcecode.swift; path = UICollectionReusableView.swift; sourceTree = "<group>"; };
		D9B5113227BCD8390065F19D /* Section.swift */ = {isa = PBXFileReference; lastKnownFileType = sourcecode.swift; path = Section.swift; sourceTree = "<group>"; };
		D9B5113427BCDD200065F19D /* HorizontalCollectionCell.swift */ = {isa = PBXFileReference; lastKnownFileType = sourcecode.swift; path = HorizontalCollectionCell.swift; sourceTree = "<group>"; };
		D9B5113627BCDDC20065F19D /* HorizontalCollectionCell.xib */ = {isa = PBXFileReference; lastKnownFileType = file.xib; path = HorizontalCollectionCell.xib; sourceTree = "<group>"; };
		D9C1923627706AD00077C782 /* User.swift */ = {isa = PBXFileReference; lastKnownFileType = sourcecode.swift; path = User.swift; sourceTree = "<group>"; };
		D9C5F12527CC9BF10004E3D8 /* OrderSummaryTableCell.swift */ = {isa = PBXFileReference; lastKnownFileType = sourcecode.swift; path = OrderSummaryTableCell.swift; sourceTree = "<group>"; };
		D9C5F12727CC9C050004E3D8 /* OrderSummaryTableCell.xib */ = {isa = PBXFileReference; lastKnownFileType = file.xib; path = OrderSummaryTableCell.xib; sourceTree = "<group>"; };
		D9F2A50027BD360E00005658 /* BaseViewController.swift */ = {isa = PBXFileReference; fileEncoding = 4; lastKnownFileType = sourcecode.swift; path = BaseViewController.swift; sourceTree = "<group>"; };
		D9FC4F4727C8BEC400F983A7 /* OrderSummaryViewController.swift */ = {isa = PBXFileReference; lastKnownFileType = sourcecode.swift; path = OrderSummaryViewController.swift; sourceTree = "<group>"; };
		D9FC4F4927C8CA3D00F983A7 /* OrderSummaryView.swift */ = {isa = PBXFileReference; lastKnownFileType = sourcecode.swift; path = OrderSummaryView.swift; sourceTree = "<group>"; };
/* End PBXFileReference section */

/* Begin PBXFrameworksBuildPhase section */
		D992C046276A4FC0009FB111 /* Frameworks */ = {
			isa = PBXFrameworksBuildPhase;
			buildActionMask = 2147483647;
			files = (
			);
			runOnlyForDeploymentPostprocessing = 0;
		};
		D992C05C276A4FC2009FB111 /* Frameworks */ = {
			isa = PBXFrameworksBuildPhase;
			buildActionMask = 2147483647;
			files = (
			);
			runOnlyForDeploymentPostprocessing = 0;
		};
		D992C066276A4FC2009FB111 /* Frameworks */ = {
			isa = PBXFrameworksBuildPhase;
			buildActionMask = 2147483647;
			files = (
			);
			runOnlyForDeploymentPostprocessing = 0;
		};
/* End PBXFrameworksBuildPhase section */

/* Begin PBXGroup section */
		D920C7DF27C4DFBE0046B717 /* Checkout */ = {
			isa = PBXGroup;
			children = (
				D920C7DD27C4D67A0046B717 /* CheckoutView.swift */,
				D920C7E027C4FD090046B717 /* PaymentDetailView.xib */,
				D920C7E227C500220046B717 /* PaymentDetailView.swift */,
				D920C7E427C52AB90046B717 /* PaymentMethodView.xib */,
				D920C7E627C52ACF0046B717 /* PaymentMethodView.swift */,
				D92FF59027C603AC0025274E /* PriceDisplayingView.swift */,
				D92FF59227C604050025274E /* PriceDisplayingView.xib */,
				D92FF59427C60B070025274E /* PromoCodeView.xib */,
				D92FF59627C60B130025274E /* PromoCodeView.swift */,
			);
			path = Checkout;
			sourceTree = "<group>";
		};
		D92796CC27BA44E900398A00 /* ViewModel */ = {
			isa = PBXGroup;
			children = (
				D92796CD27BA44FE00398A00 /* PideBienViewModel.swift */,
				D915746427C3A95A00F120E9 /* SideMenuModel.swift */,
			);
			path = ViewModel;
			sourceTree = "<group>";
		};
		D932ABB827BE6CE0008A1020 /* Side Menu */ = {
			isa = PBXGroup;
			children = (
				D932ABB327BE6CD4008A1020 /* SideMenuActionView.swift */,
				D932ABB427BE6CD4008A1020 /* SideMenuView.swift */,
				D932ABB227BE6CD4008A1020 /* SideMenuActionView.xib */,
			);
			path = "Side Menu";
			sourceTree = "<group>";
		};
		D95933AE27A9238300A2D9EA /* Enum */ = {
			isa = PBXGroup;
			children = (
				D95933B127A92CA200A2D9EA /* LocalizedKey.swift */,
				D95933AF27A923A200A2D9EA /* TextFieldValidationStatus.swift */,
				D9B5113227BCD8390065F19D /* Section.swift */,
				D915745C27C37B8D00F120E9 /* SideMenuTabs.swift */,
			);
			path = Enum;
			sourceTree = "<group>";
		};
		D98F20562771BE95001C41D8 /* StoryBoard */ = {
			isa = PBXGroup;
			children = (
				D992C052276A4FC0009FB111 /* Main.storyboard */,
				D992C057276A4FC2009FB111 /* LaunchScreen.storyboard */,
			);
			path = StoryBoard;
			sourceTree = "<group>";
		};
		D98F205B2771F778001C41D8 /* Extentions */ = {
			isa = PBXGroup;
			children = (
				D9B5112D27BCC6D90065F19D /* UIViewController.swift */,
				D92796D127BA608B00398A00 /* UICollectionViewCell.swift */,
				D98F205C2771FABF001C41D8 /* ColorExtentions.swift */,
				D98F205E2771FB65001C41D8 /* CALayerExtentions.swift */,
				D98F20602771FB98001C41D8 /* StringExtentions.swift */,
				D991E7D2277346F1008752B7 /* UIAlertControllerExtention.swift */,
				D992AB1D2774AE0000903EDC /* UIStoryboard.swift */,
				D92244D727AC13E100518815 /* UIView.swift */,
				D9B5113027BCD3F70065F19D /* UICollectionReusableView.swift */,
				D915746B27C3AE6B00F120E9 /* UITableViewCell.swift */,
			);
			path = Extentions;
			sourceTree = "<group>";
		};
		D991E7CF277341B9008752B7 /* Global */ = {
			isa = PBXGroup;
			children = (
				D991E7D0277341E6008752B7 /* AppConstants.swift */,
			);
			path = Global;
			sourceTree = "<group>";
		};
		D992C040276A4FC0009FB111 = {
			isa = PBXGroup;
			children = (
				D992C04B276A4FC0009FB111 /* Sign_Up_Demo */,
				D992C062276A4FC2009FB111 /* Sign_Up_DemoTests */,
				D992C06C276A4FC2009FB111 /* Sign_Up_DemoUITests */,
				D992C04A276A4FC0009FB111 /* Products */,
			);
			sourceTree = "<group>";
		};
		D992C04A276A4FC0009FB111 /* Products */ = {
			isa = PBXGroup;
			children = (
				D992C049276A4FC0009FB111 /* Sign_Up_Demo.app */,
				D992C05F276A4FC2009FB111 /* Sign_Up_DemoTests.xctest */,
				D992C069276A4FC2009FB111 /* Sign_Up_DemoUITests.xctest */,
			);
			name = Products;
			sourceTree = "<group>";
		};
		D992C04B276A4FC0009FB111 /* Sign_Up_Demo */ = {
			isa = PBXGroup;
			children = (
				D92796CC27BA44E900398A00 /* ViewModel */,
				D95933AE27A9238300A2D9EA /* Enum */,
				D991E7CF277341B9008752B7 /* Global */,
				D98F205B2771F778001C41D8 /* Extentions */,
				D98F20562771BE95001C41D8 /* StoryBoard */,
				D9C1923527706A880077C782 /* Suporting Files */,
				D9C1923427706A4B0077C782 /* Resources */,
				D9C1923327706A440077C782 /* Controllers */,
				D9C1923227706A3B0077C782 /* Model */,
				D9C1923127706A230077C782 /* View */,
			);
			path = Sign_Up_Demo;
			sourceTree = "<group>";
		};
		D992C062276A4FC2009FB111 /* Sign_Up_DemoTests */ = {
			isa = PBXGroup;
			children = (
				D992C063276A4FC2009FB111 /* Sign_Up_DemoTests.swift */,
			);
			path = Sign_Up_DemoTests;
			sourceTree = "<group>";
		};
		D992C06C276A4FC2009FB111 /* Sign_Up_DemoUITests */ = {
			isa = PBXGroup;
			children = (
				D992C06D276A4FC2009FB111 /* Sign_Up_DemoUITests.swift */,
				D992C06F276A4FC2009FB111 /* Sign_Up_DemoUITestsLaunchTests.swift */,
			);
			path = Sign_Up_DemoUITests;
			sourceTree = "<group>";
		};
		D9B5112F27BCC8BE0065F19D /* CollectionView */ = {
			isa = PBXGroup;
			children = (
				D9B5112927BCC20B0065F19D /* VerticalCollectionCell.swift */,
				D9B5112A27BCC20B0065F19D /* VerticalCollectionCell.xib */,
				D9B5112427BCC1EB0065F19D /* FooterCollectionReuseableView.swift */,
				D9B5112127BCC1EA0065F19D /* FooterCollectionReuseableView.xib */,
				D9B5112227BCC1EB0065F19D /* HeaderCollectionReusableView.swift */,
				D9B5112327BCC1EB0065F19D /* HeaderCollectionReusableView.xib */,
				D9B5113427BCDD200065F19D /* HorizontalCollectionCell.swift */,
				D9B5113627BCDDC20065F19D /* HorizontalCollectionCell.xib */,
			);
			path = CollectionView;
			sourceTree = "<group>";
		};
		D9C1923127706A230077C782 /* View */ = {
			isa = PBXGroup;
			children = (
				D9C5F12427CC9BC40004E3D8 /* Order Summary */,
				D920C7DF27C4DFBE0046B717 /* Checkout */,
				D932ABB827BE6CE0008A1020 /* Side Menu */,
				D9B5112F27BCC8BE0065F19D /* CollectionView */,
				D98F20592771EAAA001C41D8 /* SignUpView.swift */,
				D95933B327A92D4D00A2D9EA /* PidenBienMainScreenView.swift */,
			);
			path = View;
			sourceTree = "<group>";
		};
		D9C1923227706A3B0077C782 /* Model */ = {
			isa = PBXGroup;
			children = (
				D97F2AF027BA3BB000F31F88 /* ScrollItems.swift */,
				D9C1923627706AD00077C782 /* User.swift */,
				D915746227C3A8E800F120E9 /* SideMenu.swift */,
			);
			path = Model;
			sourceTree = "<group>";
		};
		D9C1923327706A440077C782 /* Controllers */ = {
			isa = PBXGroup;
			children = (
				D992C050276A4FC0009FB111 /* SignUpViewController.swift */,
				D9F2A50027BD360E00005658 /* BaseViewController.swift */,
				D9B5111F27BCBF400065F19D /* HomeViewController.swift */,
				D9B1412E27BE5824004A04CE /* SideMenuViewController.swift */,
				D9B1413027BE5865004A04CE /* MainViewController.swift */,
				D915745E27C3861400F120E9 /* MyOrdersViewController.swift */,
				D915746027C386AB00F120E9 /* PaymentViewController.swift */,
				D920C7DB27C4D3F80046B717 /* CheckoutViewController.swift */,
				D9FC4F4727C8BEC400F983A7 /* OrderSummaryViewController.swift */,
			);
			path = Controllers;
			sourceTree = "<group>";
		};
		D9C1923427706A4B0077C782 /* Resources */ = {
			isa = PBXGroup;
			children = (
				D992C055276A4FC2009FB111 /* Assets.xcassets */,
			);
			path = Resources;
			sourceTree = "<group>";
		};
		D9C1923527706A880077C782 /* Suporting Files */ = {
			isa = PBXGroup;
			children = (
				D983743D27C4ACBD004EAE53 /* AppDelegate.swift */,
				D992C04E276A4FC0009FB111 /* SceneDelegate.swift */,
				D992C05A276A4FC2009FB111 /* Info.plist */,
			);
			indentWidth = 2;
			name = "Suporting Files";
			sourceTree = "<group>";
			tabWidth = 2;
		};
		D9C5F12427CC9BC40004E3D8 /* Order Summary */ = {
			isa = PBXGroup;
			children = (
				D9FC4F4927C8CA3D00F983A7 /* OrderSummaryView.swift */,
				D9C5F12527CC9BF10004E3D8 /* OrderSummaryTableCell.swift */,
				D9C5F12727CC9C050004E3D8 /* OrderSummaryTableCell.xib */,
			);
			path = "Order Summary";
			sourceTree = "<group>";
		};
/* End PBXGroup section */

/* Begin PBXNativeTarget section */
		D992C048276A4FC0009FB111 /* Sign_Up_Demo */ = {
			isa = PBXNativeTarget;
			buildConfigurationList = D992C073276A4FC2009FB111 /* Build configuration list for PBXNativeTarget "Sign_Up_Demo" */;
			buildPhases = (
				D992C045276A4FC0009FB111 /* Sources */,
				D992C046276A4FC0009FB111 /* Frameworks */,
				D992C047276A4FC0009FB111 /* Resources */,
			);
			buildRules = (
			);
			dependencies = (
			);
			name = Sign_Up_Demo;
			productName = Sign_Up_Demo;
			productReference = D992C049276A4FC0009FB111 /* Sign_Up_Demo.app */;
			productType = "com.apple.product-type.application";
		};
		D992C05E276A4FC2009FB111 /* Sign_Up_DemoTests */ = {
			isa = PBXNativeTarget;
			buildConfigurationList = D992C076276A4FC2009FB111 /* Build configuration list for PBXNativeTarget "Sign_Up_DemoTests" */;
			buildPhases = (
				D992C05B276A4FC2009FB111 /* Sources */,
				D992C05C276A4FC2009FB111 /* Frameworks */,
				D992C05D276A4FC2009FB111 /* Resources */,
			);
			buildRules = (
			);
			dependencies = (
				D992C061276A4FC2009FB111 /* PBXTargetDependency */,
			);
			name = Sign_Up_DemoTests;
			productName = Sign_Up_DemoTests;
			productReference = D992C05F276A4FC2009FB111 /* Sign_Up_DemoTests.xctest */;
			productType = "com.apple.product-type.bundle.unit-test";
		};
		D992C068276A4FC2009FB111 /* Sign_Up_DemoUITests */ = {
			isa = PBXNativeTarget;
			buildConfigurationList = D992C079276A4FC2009FB111 /* Build configuration list for PBXNativeTarget "Sign_Up_DemoUITests" */;
			buildPhases = (
				D992C065276A4FC2009FB111 /* Sources */,
				D992C066276A4FC2009FB111 /* Frameworks */,
				D992C067276A4FC2009FB111 /* Resources */,
			);
			buildRules = (
			);
			dependencies = (
				D992C06B276A4FC2009FB111 /* PBXTargetDependency */,
			);
			name = Sign_Up_DemoUITests;
			productName = Sign_Up_DemoUITests;
			productReference = D992C069276A4FC2009FB111 /* Sign_Up_DemoUITests.xctest */;
			productType = "com.apple.product-type.bundle.ui-testing";
		};
/* End PBXNativeTarget section */

/* Begin PBXProject section */
		D992C041276A4FC0009FB111 /* Project object */ = {
			isa = PBXProject;
			attributes = {
				BuildIndependentTargetsInParallel = 1;
				LastSwiftUpdateCheck = 1310;
				LastUpgradeCheck = 1310;
				TargetAttributes = {
					D992C048276A4FC0009FB111 = {
						CreatedOnToolsVersion = 13.1;
					};
					D992C05E276A4FC2009FB111 = {
						CreatedOnToolsVersion = 13.1;
						TestTargetID = D992C048276A4FC0009FB111;
					};
					D992C068276A4FC2009FB111 = {
						CreatedOnToolsVersion = 13.1;
						TestTargetID = D992C048276A4FC0009FB111;
					};
				};
			};
			buildConfigurationList = D992C044276A4FC0009FB111 /* Build configuration list for PBXProject "Sign_Up_Demo" */;
			compatibilityVersion = "Xcode 13.0";
			developmentRegion = en;
			hasScannedForEncodings = 0;
			knownRegions = (
				en,
				Base,
			);
			mainGroup = D992C040276A4FC0009FB111;
			productRefGroup = D992C04A276A4FC0009FB111 /* Products */;
			projectDirPath = "";
			projectRoot = "";
			targets = (
				D992C048276A4FC0009FB111 /* Sign_Up_Demo */,
				D992C05E276A4FC2009FB111 /* Sign_Up_DemoTests */,
				D992C068276A4FC2009FB111 /* Sign_Up_DemoUITests */,
			);
		};
/* End PBXProject section */

/* Begin PBXResourcesBuildPhase section */
		D992C047276A4FC0009FB111 /* Resources */ = {
			isa = PBXResourcesBuildPhase;
			buildActionMask = 2147483647;
			files = (
				D932ABB927BE8924008A1020 /* SideMenuActionView.xib in Resources */,
				D920C7E127C4FD090046B717 /* PaymentDetailView.xib in Resources */,
				D9B5112727BCC1EB0065F19D /* HeaderCollectionReusableView.xib in Resources */,
				D92FF59327C604050025274E /* PriceDisplayingView.xib in Resources */,
				D992C059276A4FC2009FB111 /* LaunchScreen.storyboard in Resources */,
				D920C7E527C52AB90046B717 /* PaymentMethodView.xib in Resources */,
				D9B5113727BCDDC20065F19D /* HorizontalCollectionCell.xib in Resources */,
				D992C056276A4FC2009FB111 /* Assets.xcassets in Resources */,
				D9B5112527BCC1EB0065F19D /* FooterCollectionReuseableView.xib in Resources */,
				D92FF59527C60B070025274E /* PromoCodeView.xib in Resources */,
				D9B5112C27BCC20B0065F19D /* VerticalCollectionCell.xib in Resources */,
				D992C054276A4FC0009FB111 /* Main.storyboard in Resources */,
				D9C5F12827CC9C050004E3D8 /* OrderSummaryTableCell.xib in Resources */,
			);
			runOnlyForDeploymentPostprocessing = 0;
		};
		D992C05D276A4FC2009FB111 /* Resources */ = {
			isa = PBXResourcesBuildPhase;
			buildActionMask = 2147483647;
			files = (
			);
			runOnlyForDeploymentPostprocessing = 0;
		};
		D992C067276A4FC2009FB111 /* Resources */ = {
			isa = PBXResourcesBuildPhase;
			buildActionMask = 2147483647;
			files = (
			);
			runOnlyForDeploymentPostprocessing = 0;
		};
/* End PBXResourcesBuildPhase section */

/* Begin PBXSourcesBuildPhase section */
		D992C045276A4FC0009FB111 /* Sources */ = {
			isa = PBXSourcesBuildPhase;
			buildActionMask = 2147483647;
			files = (
				D92796CE27BA44FE00398A00 /* PideBienViewModel.swift in Sources */,
				D920C7DC27C4D3F80046B717 /* CheckoutViewController.swift in Sources */,
				D9C1923727706AD00077C782 /* User.swift in Sources */,
				D9B5112027BCBF400065F19D /* HomeViewController.swift in Sources */,
				D9FC4F4827C8BEC400F983A7 /* OrderSummaryViewController.swift in Sources */,
				D915746327C3A8E800F120E9 /* SideMenu.swift in Sources */,
				D983743E27C4ACBD004EAE53 /* AppDelegate.swift in Sources */,
				D992C051276A4FC0009FB111 /* SignUpViewController.swift in Sources */,
				D9F2A50127BD360E00005658 /* BaseViewController.swift in Sources */,
				D9B1412F27BE5824004A04CE /* SideMenuViewController.swift in Sources */,
				D915746127C386AB00F120E9 /* PaymentViewController.swift in Sources */,
				D95933B227A92CA200A2D9EA /* LocalizedKey.swift in Sources */,
				D9B5112B27BCC20B0065F19D /* VerticalCollectionCell.swift in Sources */,
				D9B1413127BE5865004A04CE /* MainViewController.swift in Sources */,
				D92FF59727C60B130025274E /* PromoCodeView.swift in Sources */,
				D915746C27C3AE6B00F120E9 /* UITableViewCell.swift in Sources */,
				D9B5113527BCDD200065F19D /* HorizontalCollectionCell.swift in Sources */,
				D915745F27C3861400F120E9 /* MyOrdersViewController.swift in Sources */,
				D9FC4F4A27C8CA3D00F983A7 /* OrderSummaryView.swift in Sources */,
				D98F205A2771EAAA001C41D8 /* SignUpView.swift in Sources */,
				D97F2AF127BA3BB000F31F88 /* ScrollItems.swift in Sources */,
				D932ABB627BE6CD4008A1020 /* SideMenuActionView.swift in Sources */,
				D92FF59127C603AC0025274E /* PriceDisplayingView.swift in Sources */,
				D92796D227BA608B00398A00 /* UICollectionViewCell.swift in Sources */,
				D991E7D3277346F1008752B7 /* UIAlertControllerExtention.swift in Sources */,
				D9B5112E27BCC6D90065F19D /* UIViewController.swift in Sources */,
				D920C7DE27C4D67A0046B717 /* CheckoutView.swift in Sources */,
				D98F20612771FB98001C41D8 /* StringExtentions.swift in Sources */,
				D95933B027A923A200A2D9EA /* TextFieldValidationStatus.swift in Sources */,
				D98F205D2771FABF001C41D8 /* ColorExtentions.swift in Sources */,
				D98F205F2771FB65001C41D8 /* CALayerExtentions.swift in Sources */,
				D915746527C3A95A00F120E9 /* SideMenuModel.swift in Sources */,
				D9B5113127BCD3F70065F19D /* UICollectionReusableView.swift in Sources */,
				D932ABB727BE6CD4008A1020 /* SideMenuView.swift in Sources */,
				D9B5112627BCC1EB0065F19D /* HeaderCollectionReusableView.swift in Sources */,
				D992C04F276A4FC0009FB111 /* SceneDelegate.swift in Sources */,
				D915745D27C37B8D00F120E9 /* SideMenuTabs.swift in Sources */,
				D991E7D1277341E6008752B7 /* AppConstants.swift in Sources */,
				D920C7E327C500220046B717 /* PaymentDetailView.swift in Sources */,
				D992AB1E2774AE0000903EDC /* UIStoryboard.swift in Sources */,
				D92244D827AC13E100518815 /* UIView.swift in Sources */,
				D9B5112827BCC1EB0065F19D /* FooterCollectionReuseableView.swift in Sources */,
				D9B5113327BCD8390065F19D /* Section.swift in Sources */,
				D920C7E727C52ACF0046B717 /* PaymentMethodView.swift in Sources */,
				D9C5F12627CC9BF10004E3D8 /* OrderSummaryTableCell.swift in Sources */,
				D95933B427A92D4D00A2D9EA /* PidenBienMainScreenView.swift in Sources */,
			);
			runOnlyForDeploymentPostprocessing = 0;
		};
		D992C05B276A4FC2009FB111 /* Sources */ = {
			isa = PBXSourcesBuildPhase;
			buildActionMask = 2147483647;
			files = (
				D992C064276A4FC2009FB111 /* Sign_Up_DemoTests.swift in Sources */,
			);
			runOnlyForDeploymentPostprocessing = 0;
		};
		D992C065276A4FC2009FB111 /* Sources */ = {
			isa = PBXSourcesBuildPhase;
			buildActionMask = 2147483647;
			files = (
				D992C06E276A4FC2009FB111 /* Sign_Up_DemoUITests.swift in Sources */,
				D992C070276A4FC2009FB111 /* Sign_Up_DemoUITestsLaunchTests.swift in Sources */,
			);
			runOnlyForDeploymentPostprocessing = 0;
		};
/* End PBXSourcesBuildPhase section */

/* Begin PBXTargetDependency section */
		D992C061276A4FC2009FB111 /* PBXTargetDependency */ = {
			isa = PBXTargetDependency;
			target = D992C048276A4FC0009FB111 /* Sign_Up_Demo */;
			targetProxy = D992C060276A4FC2009FB111 /* PBXContainerItemProxy */;
		};
		D992C06B276A4FC2009FB111 /* PBXTargetDependency */ = {
			isa = PBXTargetDependency;
			target = D992C048276A4FC0009FB111 /* Sign_Up_Demo */;
			targetProxy = D992C06A276A4FC2009FB111 /* PBXContainerItemProxy */;
		};
/* End PBXTargetDependency section */

/* Begin PBXVariantGroup section */
		D992C052276A4FC0009FB111 /* Main.storyboard */ = {
			isa = PBXVariantGroup;
			children = (
				D992C053276A4FC0009FB111 /* Base */,
			);
			name = Main.storyboard;
			sourceTree = "<group>";
		};
		D992C057276A4FC2009FB111 /* LaunchScreen.storyboard */ = {
			isa = PBXVariantGroup;
			children = (
				D992C058276A4FC2009FB111 /* Base */,
			);
			name = LaunchScreen.storyboard;
			sourceTree = "<group>";
		};
/* End PBXVariantGroup section */

/* Begin XCBuildConfiguration section */
		D992C071276A4FC2009FB111 /* Debug */ = {
			isa = XCBuildConfiguration;
			buildSettings = {
				ALWAYS_SEARCH_USER_PATHS = YES;
				CLANG_ANALYZER_NONNULL = YES;
				CLANG_ANALYZER_NUMBER_OBJECT_CONVERSION = YES_AGGRESSIVE;
				CLANG_CXX_LANGUAGE_STANDARD = "gnu++17";
				CLANG_CXX_LIBRARY = "libc++";
				CLANG_ENABLE_MODULES = YES;
				CLANG_ENABLE_OBJC_ARC = YES;
				CLANG_ENABLE_OBJC_WEAK = YES;
				CLANG_WARN_BLOCK_CAPTURE_AUTORELEASING = YES;
				CLANG_WARN_BOOL_CONVERSION = YES;
				CLANG_WARN_COMMA = YES;
				CLANG_WARN_CONSTANT_CONVERSION = YES;
				CLANG_WARN_DEPRECATED_OBJC_IMPLEMENTATIONS = YES;
				CLANG_WARN_DIRECT_OBJC_ISA_USAGE = YES_ERROR;
				CLANG_WARN_DOCUMENTATION_COMMENTS = YES;
				CLANG_WARN_EMPTY_BODY = YES;
				CLANG_WARN_ENUM_CONVERSION = YES;
				CLANG_WARN_INFINITE_RECURSION = YES;
				CLANG_WARN_INT_CONVERSION = YES;
				CLANG_WARN_NON_LITERAL_NULL_CONVERSION = YES;
				CLANG_WARN_OBJC_IMPLICIT_RETAIN_SELF = YES;
				CLANG_WARN_OBJC_LITERAL_CONVERSION = YES;
				CLANG_WARN_OBJC_ROOT_CLASS = YES_ERROR;
				CLANG_WARN_QUOTED_INCLUDE_IN_FRAMEWORK_HEADER = YES;
				CLANG_WARN_RANGE_LOOP_ANALYSIS = YES;
				CLANG_WARN_STRICT_PROTOTYPES = YES;
				CLANG_WARN_SUSPICIOUS_MOVE = YES;
				CLANG_WARN_UNGUARDED_AVAILABILITY = YES_AGGRESSIVE;
				CLANG_WARN_UNREACHABLE_CODE = YES;
				CLANG_WARN__DUPLICATE_METHOD_MATCH = YES;
				COPY_PHASE_STRIP = NO;
				DEBUG_INFORMATION_FORMAT = dwarf;
				ENABLE_STRICT_OBJC_MSGSEND = YES;
				ENABLE_TESTABILITY = YES;
				GCC_C_LANGUAGE_STANDARD = gnu11;
				GCC_DYNAMIC_NO_PIC = NO;
				GCC_NO_COMMON_BLOCKS = YES;
				GCC_OPTIMIZATION_LEVEL = 0;
				GCC_PREPROCESSOR_DEFINITIONS = (
					"DEBUG=1",
					"$(inherited)",
				);
				GCC_WARN_64_TO_32_BIT_CONVERSION = YES;
				GCC_WARN_ABOUT_RETURN_TYPE = YES_ERROR;
				GCC_WARN_UNDECLARED_SELECTOR = YES;
				GCC_WARN_UNINITIALIZED_AUTOS = YES_AGGRESSIVE;
				GCC_WARN_UNUSED_FUNCTION = YES;
				GCC_WARN_UNUSED_VARIABLE = YES;
				IPHONEOS_DEPLOYMENT_TARGET = 15.0;
				MTL_ENABLE_DEBUG_INFO = INCLUDE_SOURCE;
				MTL_FAST_MATH = YES;
				ONLY_ACTIVE_ARCH = YES;
				SDKROOT = iphoneos;
				SWIFT_ACTIVE_COMPILATION_CONDITIONS = DEBUG;
				SWIFT_OPTIMIZATION_LEVEL = "-Onone";
			};
			name = Debug;
		};
		D992C072276A4FC2009FB111 /* Release */ = {
			isa = XCBuildConfiguration;
			buildSettings = {
				ALWAYS_SEARCH_USER_PATHS = YES;
				CLANG_ANALYZER_NONNULL = YES;
				CLANG_ANALYZER_NUMBER_OBJECT_CONVERSION = YES_AGGRESSIVE;
				CLANG_CXX_LANGUAGE_STANDARD = "gnu++17";
				CLANG_CXX_LIBRARY = "libc++";
				CLANG_ENABLE_MODULES = YES;
				CLANG_ENABLE_OBJC_ARC = YES;
				CLANG_ENABLE_OBJC_WEAK = YES;
				CLANG_WARN_BLOCK_CAPTURE_AUTORELEASING = YES;
				CLANG_WARN_BOOL_CONVERSION = YES;
				CLANG_WARN_COMMA = YES;
				CLANG_WARN_CONSTANT_CONVERSION = YES;
				CLANG_WARN_DEPRECATED_OBJC_IMPLEMENTATIONS = YES;
				CLANG_WARN_DIRECT_OBJC_ISA_USAGE = YES_ERROR;
				CLANG_WARN_DOCUMENTATION_COMMENTS = YES;
				CLANG_WARN_EMPTY_BODY = YES;
				CLANG_WARN_ENUM_CONVERSION = YES;
				CLANG_WARN_INFINITE_RECURSION = YES;
				CLANG_WARN_INT_CONVERSION = YES;
				CLANG_WARN_NON_LITERAL_NULL_CONVERSION = YES;
				CLANG_WARN_OBJC_IMPLICIT_RETAIN_SELF = YES;
				CLANG_WARN_OBJC_LITERAL_CONVERSION = YES;
				CLANG_WARN_OBJC_ROOT_CLASS = YES_ERROR;
				CLANG_WARN_QUOTED_INCLUDE_IN_FRAMEWORK_HEADER = YES;
				CLANG_WARN_RANGE_LOOP_ANALYSIS = YES;
				CLANG_WARN_STRICT_PROTOTYPES = YES;
				CLANG_WARN_SUSPICIOUS_MOVE = YES;
				CLANG_WARN_UNGUARDED_AVAILABILITY = YES_AGGRESSIVE;
				CLANG_WARN_UNREACHABLE_CODE = YES;
				CLANG_WARN__DUPLICATE_METHOD_MATCH = YES;
				COPY_PHASE_STRIP = NO;
				DEBUG_INFORMATION_FORMAT = "dwarf-with-dsym";
				ENABLE_NS_ASSERTIONS = NO;
				ENABLE_STRICT_OBJC_MSGSEND = YES;
				GCC_C_LANGUAGE_STANDARD = gnu11;
				GCC_NO_COMMON_BLOCKS = YES;
				GCC_WARN_64_TO_32_BIT_CONVERSION = YES;
				GCC_WARN_ABOUT_RETURN_TYPE = YES_ERROR;
				GCC_WARN_UNDECLARED_SELECTOR = YES;
				GCC_WARN_UNINITIALIZED_AUTOS = YES_AGGRESSIVE;
				GCC_WARN_UNUSED_FUNCTION = YES;
				GCC_WARN_UNUSED_VARIABLE = YES;
				IPHONEOS_DEPLOYMENT_TARGET = 15.0;
				MTL_ENABLE_DEBUG_INFO = NO;
				MTL_FAST_MATH = YES;
				SDKROOT = iphoneos;
				SWIFT_COMPILATION_MODE = wholemodule;
				SWIFT_OPTIMIZATION_LEVEL = "-O";
				VALIDATE_PRODUCT = YES;
			};
			name = Release;
		};
		D992C074276A4FC2009FB111 /* Debug */ = {
			isa = XCBuildConfiguration;
			buildSettings = {
				ASSETCATALOG_COMPILER_APPICON_NAME = AppIcon;
				ASSETCATALOG_COMPILER_GLOBAL_ACCENT_COLOR_NAME = AccentColor;
				CODE_SIGN_STYLE = Automatic;
				CURRENT_PROJECT_VERSION = 1;
				GENERATE_INFOPLIST_FILE = YES;
				INFOPLIST_FILE = Sign_Up_Demo/Info.plist;
				INFOPLIST_KEY_UIApplicationSupportsIndirectInputEvents = YES;
				INFOPLIST_KEY_UILaunchStoryboardName = LaunchScreen;
				INFOPLIST_KEY_UIMainStoryboardFile = Main;
				INFOPLIST_KEY_UISupportedInterfaceOrientations = "";
				INFOPLIST_KEY_UISupportedInterfaceOrientations_iPad = "UIInterfaceOrientationPortrait UIInterfaceOrientationPortraitUpsideDown UIInterfaceOrientationLandscapeLeft UIInterfaceOrientationLandscapeRight";
				INFOPLIST_KEY_UISupportedInterfaceOrientations_iPhone = "UIInterfaceOrientationPortrait UIInterfaceOrientationLandscapeLeft UIInterfaceOrientationLandscapeRight";
				LD_RUNPATH_SEARCH_PATHS = (
					"$(inherited)",
					"@executable_path/Frameworks",
				);
				MARKETING_VERSION = 1.0;
				PRODUCT_BUNDLE_IDENTIFIER = "com.brainx.Sign-Up-Demo";
				PRODUCT_NAME = "$(TARGET_NAME)";
				SWIFT_EMIT_LOC_STRINGS = YES;
				SWIFT_VERSION = 5.0;
				TARGETED_DEVICE_FAMILY = 1;
			};
			name = Debug;
		};
		D992C075276A4FC2009FB111 /* Release */ = {
			isa = XCBuildConfiguration;
			buildSettings = {
				ASSETCATALOG_COMPILER_APPICON_NAME = AppIcon;
				ASSETCATALOG_COMPILER_GLOBAL_ACCENT_COLOR_NAME = AccentColor;
				CODE_SIGN_STYLE = Automatic;
				CURRENT_PROJECT_VERSION = 1;
				GENERATE_INFOPLIST_FILE = YES;
				INFOPLIST_FILE = Sign_Up_Demo/Info.plist;
				INFOPLIST_KEY_UIApplicationSupportsIndirectInputEvents = YES;
				INFOPLIST_KEY_UILaunchStoryboardName = LaunchScreen;
				INFOPLIST_KEY_UIMainStoryboardFile = Main;
				INFOPLIST_KEY_UISupportedInterfaceOrientations = "";
				INFOPLIST_KEY_UISupportedInterfaceOrientations_iPad = "UIInterfaceOrientationPortrait UIInterfaceOrientationPortraitUpsideDown UIInterfaceOrientationLandscapeLeft UIInterfaceOrientationLandscapeRight";
				INFOPLIST_KEY_UISupportedInterfaceOrientations_iPhone = "UIInterfaceOrientationPortrait UIInterfaceOrientationLandscapeLeft UIInterfaceOrientationLandscapeRight";
				LD_RUNPATH_SEARCH_PATHS = (
					"$(inherited)",
					"@executable_path/Frameworks",
				);
				MARKETING_VERSION = 1.0;
				PRODUCT_BUNDLE_IDENTIFIER = "com.brainx.Sign-Up-Demo";
				PRODUCT_NAME = "$(TARGET_NAME)";
				SWIFT_EMIT_LOC_STRINGS = YES;
				SWIFT_VERSION = 5.0;
				TARGETED_DEVICE_FAMILY = 1;
			};
			name = Release;
		};
		D992C077276A4FC2009FB111 /* Debug */ = {
			isa = XCBuildConfiguration;
			buildSettings = {
				ALWAYS_EMBED_SWIFT_STANDARD_LIBRARIES = YES;
				BUNDLE_LOADER = "$(TEST_HOST)";
				CODE_SIGN_STYLE = Automatic;
				CURRENT_PROJECT_VERSION = 1;
				GENERATE_INFOPLIST_FILE = YES;
				IPHONEOS_DEPLOYMENT_TARGET = 15.0;
				LD_RUNPATH_SEARCH_PATHS = (
					"$(inherited)",
					"@executable_path/Frameworks",
					"@loader_path/Frameworks",
				);
				MARKETING_VERSION = 1.0;
				PRODUCT_BUNDLE_IDENTIFIER = "com.brainx.Sign-Up-DemoTests";
				PRODUCT_NAME = "$(TARGET_NAME)";
				SWIFT_EMIT_LOC_STRINGS = NO;
				SWIFT_VERSION = 5.0;
				TARGETED_DEVICE_FAMILY = "1,2";
				TEST_HOST = "$(BUILT_PRODUCTS_DIR)/Sign_Up_Demo.app/Sign_Up_Demo";
			};
			name = Debug;
		};
		D992C078276A4FC2009FB111 /* Release */ = {
			isa = XCBuildConfiguration;
			buildSettings = {
				ALWAYS_EMBED_SWIFT_STANDARD_LIBRARIES = YES;
				BUNDLE_LOADER = "$(TEST_HOST)";
				CODE_SIGN_STYLE = Automatic;
				CURRENT_PROJECT_VERSION = 1;
				GENERATE_INFOPLIST_FILE = YES;
				IPHONEOS_DEPLOYMENT_TARGET = 15.0;
				LD_RUNPATH_SEARCH_PATHS = (
					"$(inherited)",
					"@executable_path/Frameworks",
					"@loader_path/Frameworks",
				);
				MARKETING_VERSION = 1.0;
				PRODUCT_BUNDLE_IDENTIFIER = "com.brainx.Sign-Up-DemoTests";
				PRODUCT_NAME = "$(TARGET_NAME)";
				SWIFT_EMIT_LOC_STRINGS = NO;
				SWIFT_VERSION = 5.0;
				TARGETED_DEVICE_FAMILY = "1,2";
				TEST_HOST = "$(BUILT_PRODUCTS_DIR)/Sign_Up_Demo.app/Sign_Up_Demo";
			};
			name = Release;
		};
		D992C07A276A4FC2009FB111 /* Debug */ = {
			isa = XCBuildConfiguration;
			buildSettings = {
				ALWAYS_EMBED_SWIFT_STANDARD_LIBRARIES = YES;
				CODE_SIGN_STYLE = Automatic;
				CURRENT_PROJECT_VERSION = 1;
				GENERATE_INFOPLIST_FILE = YES;
				LD_RUNPATH_SEARCH_PATHS = (
					"$(inherited)",
					"@executable_path/Frameworks",
					"@loader_path/Frameworks",
				);
				MARKETING_VERSION = 1.0;
				PRODUCT_BUNDLE_IDENTIFIER = "com.brainx.Sign-Up-DemoUITests";
				PRODUCT_NAME = "$(TARGET_NAME)";
				SWIFT_EMIT_LOC_STRINGS = NO;
				SWIFT_VERSION = 5.0;
				TARGETED_DEVICE_FAMILY = "1,2";
				TEST_TARGET_NAME = Sign_Up_Demo;
			};
			name = Debug;
		};
		D992C07B276A4FC2009FB111 /* Release */ = {
			isa = XCBuildConfiguration;
			buildSettings = {
				ALWAYS_EMBED_SWIFT_STANDARD_LIBRARIES = YES;
				CODE_SIGN_STYLE = Automatic;
				CURRENT_PROJECT_VERSION = 1;
				GENERATE_INFOPLIST_FILE = YES;
				LD_RUNPATH_SEARCH_PATHS = (
					"$(inherited)",
					"@executable_path/Frameworks",
					"@loader_path/Frameworks",
				);
				MARKETING_VERSION = 1.0;
				PRODUCT_BUNDLE_IDENTIFIER = "com.brainx.Sign-Up-DemoUITests";
				PRODUCT_NAME = "$(TARGET_NAME)";
				SWIFT_EMIT_LOC_STRINGS = NO;
				SWIFT_VERSION = 5.0;
				TARGETED_DEVICE_FAMILY = "1,2";
				TEST_TARGET_NAME = Sign_Up_Demo;
			};
			name = Release;
		};
/* End XCBuildConfiguration section */

/* Begin XCConfigurationList section */
		D992C044276A4FC0009FB111 /* Build configuration list for PBXProject "Sign_Up_Demo" */ = {
			isa = XCConfigurationList;
			buildConfigurations = (
				D992C071276A4FC2009FB111 /* Debug */,
				D992C072276A4FC2009FB111 /* Release */,
			);
			defaultConfigurationIsVisible = 0;
			defaultConfigurationName = Release;
		};
		D992C073276A4FC2009FB111 /* Build configuration list for PBXNativeTarget "Sign_Up_Demo" */ = {
			isa = XCConfigurationList;
			buildConfigurations = (
				D992C074276A4FC2009FB111 /* Debug */,
				D992C075276A4FC2009FB111 /* Release */,
			);
			defaultConfigurationIsVisible = 0;
			defaultConfigurationName = Release;
		};
		D992C076276A4FC2009FB111 /* Build configuration list for PBXNativeTarget "Sign_Up_DemoTests" */ = {
			isa = XCConfigurationList;
			buildConfigurations = (
				D992C077276A4FC2009FB111 /* Debug */,
				D992C078276A4FC2009FB111 /* Release */,
			);
			defaultConfigurationIsVisible = 0;
			defaultConfigurationName = Release;
		};
		D992C079276A4FC2009FB111 /* Build configuration list for PBXNativeTarget "Sign_Up_DemoUITests" */ = {
			isa = XCConfigurationList;
			buildConfigurations = (
				D992C07A276A4FC2009FB111 /* Debug */,
				D992C07B276A4FC2009FB111 /* Release */,
			);
			defaultConfigurationIsVisible = 0;
			defaultConfigurationName = Release;
		};
/* End XCConfigurationList section */
	};
	rootObject = D992C041276A4FC0009FB111 /* Project object */;
}
