// !$*UTF8*$!
{
	archiveVersion = 1;
	classes = {
	};
	objectVersion = 55;
	objects = {

/* Begin PBXBuildFile section */
		D92162FC27ACF9A5000041B9 /* XibDemo.swift in Sources */ = {isa = PBXBuildFile; fileRef = D92162FB27ACF9A5000041B9 /* XibDemo.swift */; };
		D921630027ACFB5F000041B9 /* XibDemo.xib in Resources */ = {isa = PBXBuildFile; fileRef = D92162FD27ACF9BB000041B9 /* XibDemo.xib */; };
		D92244D827AC13E100518815 /* UIView.swift in Sources */ = {isa = PBXBuildFile; fileRef = D92244D727AC13E100518815 /* UIView.swift */; };
		D95933B027A923A200A2D9EA /* TextFieldValidationStatus.swift in Sources */ = {isa = PBXBuildFile; fileRef = D95933AF27A923A200A2D9EA /* TextFieldValidationStatus.swift */; };
		D95933B227A92CA200A2D9EA /* LocalizedKey.swift in Sources */ = {isa = PBXBuildFile; fileRef = D95933B127A92CA200A2D9EA /* LocalizedKey.swift */; };
		D95933B427A92D4D00A2D9EA /* PidenBienMainScreenView.swift in Sources */ = {isa = PBXBuildFile; fileRef = D95933B327A92D4D00A2D9EA /* PidenBienMainScreenView.swift */; };
		D95933B627A93DE900A2D9EA /* PidenBienViewController.swift in Sources */ = {isa = PBXBuildFile; fileRef = D95933B527A93DE900A2D9EA /* PidenBienViewController.swift */; };
		D98F205A2771EAAA001C41D8 /* SignUpView.swift in Sources */ = {isa = PBXBuildFile; fileRef = D98F20592771EAAA001C41D8 /* SignUpView.swift */; };
		D98F205D2771FABF001C41D8 /* ColorExtentions.swift in Sources */ = {isa = PBXBuildFile; fileRef = D98F205C2771FABF001C41D8 /* ColorExtentions.swift */; };
		D98F205F2771FB65001C41D8 /* CALayerExtentions.swift in Sources */ = {isa = PBXBuildFile; fileRef = D98F205E2771FB65001C41D8 /* CALayerExtentions.swift */; };
		D98F20612771FB98001C41D8 /* StringExtentions.swift in Sources */ = {isa = PBXBuildFile; fileRef = D98F20602771FB98001C41D8 /* StringExtentions.swift */; };
		D991E7D1277341E6008752B7 /* AppConstants.swift in Sources */ = {isa = PBXBuildFile; fileRef = D991E7D0277341E6008752B7 /* AppConstants.swift */; };
		D991E7D3277346F1008752B7 /* UIAlertControllerExtention.swift in Sources */ = {isa = PBXBuildFile; fileRef = D991E7D2277346F1008752B7 /* UIAlertControllerExtention.swift */; };
		D992AB1E2774AE0000903EDC /* UIStoryboard.swift in Sources */ = {isa = PBXBuildFile; fileRef = D992AB1D2774AE0000903EDC /* UIStoryboard.swift */; };
		D992C04D276A4FC0009FB111 /* AppDelegate.swift in Sources */ = {isa = PBXBuildFile; fileRef = D992C04C276A4FC0009FB111 /* AppDelegate.swift */; };
		D992C04F276A4FC0009FB111 /* SceneDelegate.swift in Sources */ = {isa = PBXBuildFile; fileRef = D992C04E276A4FC0009FB111 /* SceneDelegate.swift */; };
		D992C051276A4FC0009FB111 /* SignUpViewController.swift in Sources */ = {isa = PBXBuildFile; fileRef = D992C050276A4FC0009FB111 /* SignUpViewController.swift */; };
		D992C054276A4FC0009FB111 /* Main.storyboard in Resources */ = {isa = PBXBuildFile; fileRef = D992C052276A4FC0009FB111 /* Main.storyboard */; };
		D992C056276A4FC2009FB111 /* Assets.xcassets in Resources */ = {isa = PBXBuildFile; fileRef = D992C055276A4FC2009FB111 /* Assets.xcassets */; };
		D992C059276A4FC2009FB111 /* LaunchScreen.storyboard in Resources */ = {isa = PBXBuildFile; fileRef = D992C057276A4FC2009FB111 /* LaunchScreen.storyboard */; };
		D992C064276A4FC2009FB111 /* Sign_Up_DemoTests.swift in Sources */ = {isa = PBXBuildFile; fileRef = D992C063276A4FC2009FB111 /* Sign_Up_DemoTests.swift */; };
		D992C06E276A4FC2009FB111 /* Sign_Up_DemoUITests.swift in Sources */ = {isa = PBXBuildFile; fileRef = D992C06D276A4FC2009FB111 /* Sign_Up_DemoUITests.swift */; };
		D992C070276A4FC2009FB111 /* Sign_Up_DemoUITestsLaunchTests.swift in Sources */ = {isa = PBXBuildFile; fileRef = D992C06F276A4FC2009FB111 /* Sign_Up_DemoUITestsLaunchTests.swift */; };
		D9C1923727706AD00077C782 /* User.swift in Sources */ = {isa = PBXBuildFile; fileRef = D9C1923627706AD00077C782 /* User.swift */; };
		D9C1923927707B770077C782 /* UserDetailViewController.swift in Sources */ = {isa = PBXBuildFile; fileRef = D9C1923827707B770077C782 /* UserDetailViewController.swift */; };
		D9CE414527B3804B00C1E1C3 /* ItemView.xib in Resources */ = {isa = PBXBuildFile; fileRef = D9CE414327B3804B00C1E1C3 /* ItemView.xib */; };
		D9CE414627B3804B00C1E1C3 /* ItemView.swift in Sources */ = {isa = PBXBuildFile; fileRef = D9CE414427B3804B00C1E1C3 /* ItemView.swift */; };
/* End PBXBuildFile section */

/* Begin PBXContainerItemProxy section */
		D992C060276A4FC2009FB111 /* PBXContainerItemProxy */ = {
			isa = PBXContainerItemProxy;
			containerPortal = D992C041276A4FC0009FB111 /* Project object */;
			proxyType = 1;
			remoteGlobalIDString = D992C048276A4FC0009FB111;
			remoteInfo = Sign_Up_Demo;
		};
		D992C06A276A4FC2009FB111 /* PBXContainerItemProxy */ = {
			isa = PBXContainerItemProxy;
			containerPortal = D992C041276A4FC0009FB111 /* Project object */;
			proxyType = 1;
			remoteGlobalIDString = D992C048276A4FC0009FB111;
			remoteInfo = Sign_Up_Demo;
		};
/* End PBXContainerItemProxy section */

/* Begin PBXFileReference section */
		D92162FB27ACF9A5000041B9 /* XibDemo.swift */ = {isa = PBXFileReference; lastKnownFileType = sourcecode.swift; path = XibDemo.swift; sourceTree = "<group>"; };
		D92162FD27ACF9BB000041B9 /* XibDemo.xib */ = {isa = PBXFileReference; lastKnownFileType = file.xib; path = XibDemo.xib; sourceTree = "<group>"; };
		D92244D727AC13E100518815 /* UIView.swift */ = {isa = PBXFileReference; lastKnownFileType = sourcecode.swift; path = UIView.swift; sourceTree = "<group>"; };
		D95933AF27A923A200A2D9EA /* TextFieldValidationStatus.swift */ = {isa = PBXFileReference; lastKnownFileType = sourcecode.swift; path = TextFieldValidationStatus.swift; sourceTree = "<group>"; };
		D95933B127A92CA200A2D9EA /* LocalizedKey.swift */ = {isa = PBXFileReference; fileEncoding = 4; lastKnownFileType = sourcecode.swift; path = LocalizedKey.swift; sourceTree = "<group>"; };
		D95933B327A92D4D00A2D9EA /* PidenBienMainScreenView.swift */ = {isa = PBXFileReference; lastKnownFileType = sourcecode.swift; path = PidenBienMainScreenView.swift; sourceTree = "<group>"; };
		D95933B527A93DE900A2D9EA /* PidenBienViewController.swift */ = {isa = PBXFileReference; lastKnownFileType = sourcecode.swift; path = PidenBienViewController.swift; sourceTree = "<group>"; };
		D98F20592771EAAA001C41D8 /* SignUpView.swift */ = {isa = PBXFileReference; lastKnownFileType = sourcecode.swift; path = SignUpView.swift; sourceTree = "<group>"; };
		D98F205C2771FABF001C41D8 /* ColorExtentions.swift */ = {isa = PBXFileReference; lastKnownFileType = sourcecode.swift; path = ColorExtentions.swift; sourceTree = "<group>"; };
		D98F205E2771FB65001C41D8 /* CALayerExtentions.swift */ = {isa = PBXFileReference; lastKnownFileType = sourcecode.swift; path = CALayerExtentions.swift; sourceTree = "<group>"; };
		D98F20602771FB98001C41D8 /* StringExtentions.swift */ = {isa = PBXFileReference; lastKnownFileType = sourcecode.swift; path = StringExtentions.swift; sourceTree = "<group>"; };
		D991E7D0277341E6008752B7 /* AppConstants.swift */ = {isa = PBXFileReference; lastKnownFileType = sourcecode.swift; path = AppConstants.swift; sourceTree = "<group>"; };
		D991E7D2277346F1008752B7 /* UIAlertControllerExtention.swift */ = {isa = PBXFileReference; lastKnownFileType = sourcecode.swift; path = UIAlertControllerExtention.swift; sourceTree = "<group>"; };
		D992AB1D2774AE0000903EDC /* UIStoryboard.swift */ = {isa = PBXFileReference; lastKnownFileType = sourcecode.swift; path = UIStoryboard.swift; sourceTree = "<group>"; };
		D992C049276A4FC0009FB111 /* Sign_Up_Demo.app */ = {isa = PBXFileReference; explicitFileType = wrapper.application; includeInIndex = 0; path = Sign_Up_Demo.app; sourceTree = BUILT_PRODUCTS_DIR; };
		D992C04C276A4FC0009FB111 /* AppDelegate.swift */ = {isa = PBXFileReference; lastKnownFileType = sourcecode.swift; path = AppDelegate.swift; sourceTree = "<group>"; };
		D992C04E276A4FC0009FB111 /* SceneDelegate.swift */ = {isa = PBXFileReference; lastKnownFileType = sourcecode.swift; path = SceneDelegate.swift; sourceTree = "<group>"; };
		D992C050276A4FC0009FB111 /* SignUpViewController.swift */ = {isa = PBXFileReference; lastKnownFileType = sourcecode.swift; path = SignUpViewController.swift; sourceTree = "<group>"; };
		D992C053276A4FC0009FB111 /* Base */ = {isa = PBXFileReference; lastKnownFileType = file.storyboard; name = Base; path = Base.lproj/Main.storyboard; sourceTree = "<group>"; };
		D992C055276A4FC2009FB111 /* Assets.xcassets */ = {isa = PBXFileReference; lastKnownFileType = folder.assetcatalog; path = Assets.xcassets; sourceTree = "<group>"; };
		D992C058276A4FC2009FB111 /* Base */ = {isa = PBXFileReference; lastKnownFileType = file.storyboard; name = Base; path = Base.lproj/LaunchScreen.storyboard; sourceTree = "<group>"; };
		D992C05A276A4FC2009FB111 /* Info.plist */ = {isa = PBXFileReference; lastKnownFileType = text.plist.xml; path = Info.plist; sourceTree = "<group>"; };
		D992C05F276A4FC2009FB111 /* Sign_Up_DemoTests.xctest */ = {isa = PBXFileReference; explicitFileType = wrapper.cfbundle; includeInIndex = 0; path = Sign_Up_DemoTests.xctest; sourceTree = BUILT_PRODUCTS_DIR; };
		D992C063276A4FC2009FB111 /* Sign_Up_DemoTests.swift */ = {isa = PBXFileReference; lastKnownFileType = sourcecode.swift; path = Sign_Up_DemoTests.swift; sourceTree = "<group>"; };
		D992C069276A4FC2009FB111 /* Sign_Up_DemoUITests.xctest */ = {isa = PBXFileReference; explicitFileType = wrapper.cfbundle; includeInIndex = 0; path = Sign_Up_DemoUITests.xctest; sourceTree = BUILT_PRODUCTS_DIR; };
		D992C06D276A4FC2009FB111 /* Sign_Up_DemoUITests.swift */ = {isa = PBXFileReference; lastKnownFileType = sourcecode.swift; path = Sign_Up_DemoUITests.swift; sourceTree = "<group>"; };
		D992C06F276A4FC2009FB111 /* Sign_Up_DemoUITestsLaunchTests.swift */ = {isa = PBXFileReference; lastKnownFileType = sourcecode.swift; path = Sign_Up_DemoUITestsLaunchTests.swift; sourceTree = "<group>"; };
		D9C1923627706AD00077C782 /* User.swift */ = {isa = PBXFileReference; lastKnownFileType = sourcecode.swift; path = User.swift; sourceTree = "<group>"; };
		D9C1923827707B770077C782 /* UserDetailViewController.swift */ = {isa = PBXFileReference; lastKnownFileType = sourcecode.swift; path = UserDetailViewController.swift; sourceTree = "<group>"; };
		D9CE414327B3804B00C1E1C3 /* ItemView.xib */ = {isa = PBXFileReference; fileEncoding = 4; lastKnownFileType = file.xib; path = ItemView.xib; sourceTree = "<group>"; };
		D9CE414427B3804B00C1E1C3 /* ItemView.swift */ = {isa = PBXFileReference; fileEncoding = 4; lastKnownFileType = sourcecode.swift; path = ItemView.swift; sourceTree = "<group>"; };
/* End PBXFileReference section */

/* Begin PBXFrameworksBuildPhase section */
		D992C046276A4FC0009FB111 /* Frameworks */ = {
			isa = PBXFrameworksBuildPhase;
			buildActionMask = 2147483647;
			files = (
			);
			runOnlyForDeploymentPostprocessing = 0;
		};
		D992C05C276A4FC2009FB111 /* Frameworks */ = {
			isa = PBXFrameworksBuildPhase;
			buildActionMask = 2147483647;
			files = (
			);
			runOnlyForDeploymentPostprocessing = 0;
		};
		D992C066276A4FC2009FB111 /* Frameworks */ = {
			isa = PBXFrameworksBuildPhase;
			buildActionMask = 2147483647;
			files = (
			);
			runOnlyForDeploymentPostprocessing = 0;
		};
/* End PBXFrameworksBuildPhase section */

/* Begin PBXGroup section */
		D95933AE27A9238300A2D9EA /* Enum */ = {
			isa = PBXGroup;
			children = (
				D95933B127A92CA200A2D9EA /* LocalizedKey.swift */,
				D95933AF27A923A200A2D9EA /* TextFieldValidationStatus.swift */,
			);
			path = Enum;
			sourceTree = "<group>";
		};
		D98F20562771BE95001C41D8 /* StoryBoard */ = {
			isa = PBXGroup;
			children = (
				D992C052276A4FC0009FB111 /* Main.storyboard */,
				D992C057276A4FC2009FB111 /* LaunchScreen.storyboard */,
			);
			path = StoryBoard;
			sourceTree = "<group>";
		};
		D98F205B2771F778001C41D8 /* Extentions */ = {
			isa = PBXGroup;
			children = (
				D98F205C2771FABF001C41D8 /* ColorExtentions.swift */,
				D98F205E2771FB65001C41D8 /* CALayerExtentions.swift */,
				D98F20602771FB98001C41D8 /* StringExtentions.swift */,
				D991E7D2277346F1008752B7 /* UIAlertControllerExtention.swift */,
				D992AB1D2774AE0000903EDC /* UIStoryboard.swift */,
				D92244D727AC13E100518815 /* UIView.swift */,
			);
			path = Extentions;
			sourceTree = "<group>";
		};
		D991E7CF277341B9008752B7 /* Global */ = {
			isa = PBXGroup;
			children = (
				D991E7D0277341E6008752B7 /* AppConstants.swift */,
			);
			path = Global;
			sourceTree = "<group>";
		};
		D992C040276A4FC0009FB111 = {
			isa = PBXGroup;
			children = (
				D992C04B276A4FC0009FB111 /* Sign_Up_Demo */,
				D992C062276A4FC2009FB111 /* Sign_Up_DemoTests */,
				D992C06C276A4FC2009FB111 /* Sign_Up_DemoUITests */,
				D992C04A276A4FC0009FB111 /* Products */,
			);
			sourceTree = "<group>";
		};
		D992C04A276A4FC0009FB111 /* Products */ = {
			isa = PBXGroup;
			children = (
				D992C049276A4FC0009FB111 /* Sign_Up_Demo.app */,
				D992C05F276A4FC2009FB111 /* Sign_Up_DemoTests.xctest */,
				D992C069276A4FC2009FB111 /* Sign_Up_DemoUITests.xctest */,
			);
			name = Products;
			sourceTree = "<group>";
		};
		D992C04B276A4FC0009FB111 /* Sign_Up_Demo */ = {
			isa = PBXGroup;
			children = (
				D95933AE27A9238300A2D9EA /* Enum */,
				D991E7CF277341B9008752B7 /* Global */,
				D98F205B2771F778001C41D8 /* Extentions */,
				D98F20562771BE95001C41D8 /* StoryBoard */,
				D9C1923527706A880077C782 /* Suporting Files */,
				D9C1923427706A4B0077C782 /* Resources */,
				D9C1923327706A440077C782 /* Controllers */,
				D9C1923227706A3B0077C782 /* Model */,
				D9C1923127706A230077C782 /* View */,
			);
			path = Sign_Up_Demo;
			sourceTree = "<group>";
		};
		D992C062276A4FC2009FB111 /* Sign_Up_DemoTests */ = {
			isa = PBXGroup;
			children = (
				D992C063276A4FC2009FB111 /* Sign_Up_DemoTests.swift */,
			);
			path = Sign_Up_DemoTests;
			sourceTree = "<group>";
		};
		D992C06C276A4FC2009FB111 /* Sign_Up_DemoUITests */ = {
			isa = PBXGroup;
			children = (
				D992C06D276A4FC2009FB111 /* Sign_Up_DemoUITests.swift */,
				D992C06F276A4FC2009FB111 /* Sign_Up_DemoUITestsLaunchTests.swift */,
			);
			path = Sign_Up_DemoUITests;
			sourceTree = "<group>";
		};
		D9C1923127706A230077C782 /* View */ = {
			isa = PBXGroup;
			children = (
				D9CE414427B3804B00C1E1C3 /* ItemView.swift */,
				D9CE414327B3804B00C1E1C3 /* ItemView.xib */,
				D98F20592771EAAA001C41D8 /* SignUpView.swift */,
				D95933B327A92D4D00A2D9EA /* PidenBienMainScreenView.swift */,
				D92162FB27ACF9A5000041B9 /* XibDemo.swift */,
				D92162FD27ACF9BB000041B9 /* XibDemo.xib */,
			);
			path = View;
			sourceTree = "<group>";
		};
		D9C1923227706A3B0077C782 /* Model */ = {
			isa = PBXGroup;
			children = (
				D9C1923627706AD00077C782 /* User.swift */,
			);
			path = Model;
			sourceTree = "<group>";
		};
		D9C1923327706A440077C782 /* Controllers */ = {
			isa = PBXGroup;
			children = (
				D992C050276A4FC0009FB111 /* SignUpViewController.swift */,
				D9C1923827707B770077C782 /* UserDetailViewController.swift */,
				D95933B527A93DE900A2D9EA /* PidenBienViewController.swift */,
			);
			path = Controllers;
			sourceTree = "<group>";
		};
		D9C1923427706A4B0077C782 /* Resources */ = {
			isa = PBXGroup;
			children = (
				D992C055276A4FC2009FB111 /* Assets.xcassets */,
			);
			path = Resources;
			sourceTree = "<group>";
		};
		D9C1923527706A880077C782 /* Suporting Files */ = {
			isa = PBXGroup;
			children = (
				D992C04C276A4FC0009FB111 /* AppDelegate.swift */,
				D992C04E276A4FC0009FB111 /* SceneDelegate.swift */,
				D992C05A276A4FC2009FB111 /* Info.plist */,
			);
			indentWidth = 2;
			name = "Suporting Files";
			sourceTree = "<group>";
			tabWidth = 2;
		};
/* End PBXGroup section */

/* Begin PBXNativeTarget section */
		D992C048276A4FC0009FB111 /* Sign_Up_Demo */ = {
			isa = PBXNativeTarget;
			buildConfigurationList = D992C073276A4FC2009FB111 /* Build configuration list for PBXNativeTarget "Sign_Up_Demo" */;
			buildPhases = (
				D992C045276A4FC0009FB111 /* Sources */,
				D992C046276A4FC0009FB111 /* Frameworks */,
				D992C047276A4FC0009FB111 /* Resources */,
			);
			buildRules = (
			);
			dependencies = (
			);
			name = Sign_Up_Demo;
			productName = Sign_Up_Demo;
			productReference = D992C049276A4FC0009FB111 /* Sign_Up_Demo.app */;
			productType = "com.apple.product-type.application";
		};
		D992C05E276A4FC2009FB111 /* Sign_Up_DemoTests */ = {
			isa = PBXNativeTarget;
			buildConfigurationList = D992C076276A4FC2009FB111 /* Build configuration list for PBXNativeTarget "Sign_Up_DemoTests" */;
			buildPhases = (
				D992C05B276A4FC2009FB111 /* Sources */,
				D992C05C276A4FC2009FB111 /* Frameworks */,
				D992C05D276A4FC2009FB111 /* Resources */,
			);
			buildRules = (
			);
			dependencies = (
				D992C061276A4FC2009FB111 /* PBXTargetDependency */,
			);
			name = Sign_Up_DemoTests;
			productName = Sign_Up_DemoTests;
			productReference = D992C05F276A4FC2009FB111 /* Sign_Up_DemoTests.xctest */;
			productType = "com.apple.product-type.bundle.unit-test";
		};
		D992C068276A4FC2009FB111 /* Sign_Up_DemoUITests */ = {
			isa = PBXNativeTarget;
			buildConfigurationList = D992C079276A4FC2009FB111 /* Build configuration list for PBXNativeTarget "Sign_Up_DemoUITests" */;
			buildPhases = (
				D992C065276A4FC2009FB111 /* Sources */,
				D992C066276A4FC2009FB111 /* Frameworks */,
				D992C067276A4FC2009FB111 /* Resources */,
			);
			buildRules = (
			);
			dependencies = (
				D992C06B276A4FC2009FB111 /* PBXTargetDependency */,
			);
			name = Sign_Up_DemoUITests;
			productName = Sign_Up_DemoUITests;
			productReference = D992C069276A4FC2009FB111 /* Sign_Up_DemoUITests.xctest */;
			productType = "com.apple.product-type.bundle.ui-testing";
		};
/* End PBXNativeTarget section */

/* Begin PBXProject section */
		D992C041276A4FC0009FB111 /* Project object */ = {
			isa = PBXProject;
			attributes = {
				BuildIndependentTargetsInParallel = 1;
				LastSwiftUpdateCheck = 1310;
				LastUpgradeCheck = 1310;
				TargetAttributes = {
					D992C048276A4FC0009FB111 = {
						CreatedOnToolsVersion = 13.1;
					};
					D992C05E276A4FC2009FB111 = {
						CreatedOnToolsVersion = 13.1;
						TestTargetID = D992C048276A4FC0009FB111;
					};
					D992C068276A4FC2009FB111 = {
						CreatedOnToolsVersion = 13.1;
						TestTargetID = D992C048276A4FC0009FB111;
					};
				};
			};
			buildConfigurationList = D992C044276A4FC0009FB111 /* Build configuration list for PBXProject "Sign_Up_Demo" */;
			compatibilityVersion = "Xcode 13.0";
			developmentRegion = en;
			hasScannedForEncodings = 0;
			knownRegions = (
				en,
				Base,
			);
			mainGroup = D992C040276A4FC0009FB111;
			productRefGroup = D992C04A276A4FC0009FB111 /* Products */;
			projectDirPath = "";
			projectRoot = "";
			targets = (
				D992C048276A4FC0009FB111 /* Sign_Up_Demo */,
				D992C05E276A4FC2009FB111 /* Sign_Up_DemoTests */,
				D992C068276A4FC2009FB111 /* Sign_Up_DemoUITests */,
			);
		};
/* End PBXProject section */

/* Begin PBXResourcesBuildPhase section */
		D992C047276A4FC0009FB111 /* Resources */ = {
			isa = PBXResourcesBuildPhase;
			buildActionMask = 2147483647;
			files = (
				D921630027ACFB5F000041B9 /* XibDemo.xib in Resources */,
				D992C059276A4FC2009FB111 /* LaunchScreen.storyboard in Resources */,
				D9CE414527B3804B00C1E1C3 /* ItemView.xib in Resources */,
				D992C056276A4FC2009FB111 /* Assets.xcassets in Resources */,
				D992C054276A4FC0009FB111 /* Main.storyboard in Resources */,
			);
			runOnlyForDeploymentPostprocessing = 0;
		};
		D992C05D276A4FC2009FB111 /* Resources */ = {
			isa = PBXResourcesBuildPhase;
			buildActionMask = 2147483647;
			files = (
			);
			runOnlyForDeploymentPostprocessing = 0;
		};
		D992C067276A4FC2009FB111 /* Resources */ = {
			isa = PBXResourcesBuildPhase;
			buildActionMask = 2147483647;
			files = (
			);
			runOnlyForDeploymentPostprocessing = 0;
		};
/* End PBXResourcesBuildPhase section */

/* Begin PBXSourcesBuildPhase section */
		D992C045276A4FC0009FB111 /* Sources */ = {
			isa = PBXSourcesBuildPhase;
			buildActionMask = 2147483647;
			files = (
				D9C1923727706AD00077C782 /* User.swift in Sources */,
				D9C1923927707B770077C782 /* UserDetailViewController.swift in Sources */,
				D992C051276A4FC0009FB111 /* SignUpViewController.swift in Sources */,
				D95933B227A92CA200A2D9EA /* LocalizedKey.swift in Sources */,
				D98F205A2771EAAA001C41D8 /* SignUpView.swift in Sources */,
				D95933B627A93DE900A2D9EA /* PidenBienViewController.swift in Sources */,
				D991E7D3277346F1008752B7 /* UIAlertControllerExtention.swift in Sources */,
				D98F20612771FB98001C41D8 /* StringExtentions.swift in Sources */,
				D992C04D276A4FC0009FB111 /* AppDelegate.swift in Sources */,
				D95933B027A923A200A2D9EA /* TextFieldValidationStatus.swift in Sources */,
				D98F205D2771FABF001C41D8 /* ColorExtentions.swift in Sources */,
				D98F205F2771FB65001C41D8 /* CALayerExtentions.swift in Sources */,
				D9CE414627B3804B00C1E1C3 /* ItemView.swift in Sources */,
				D992C04F276A4FC0009FB111 /* SceneDelegate.swift in Sources */,
				D991E7D1277341E6008752B7 /* AppConstants.swift in Sources */,
				D992AB1E2774AE0000903EDC /* UIStoryboard.swift in Sources */,
				D92244D827AC13E100518815 /* UIView.swift in Sources */,
				D92162FC27ACF9A5000041B9 /* XibDemo.swift in Sources */,
				D95933B427A92D4D00A2D9EA /* PidenBienMainScreenView.swift in Sources */,
			);
			runOnlyForDeploymentPostprocessing = 0;
		};
		D992C05B276A4FC2009FB111 /* Sources */ = {
			isa = PBXSourcesBuildPhase;
			buildActionMask = 2147483647;
			files = (
				D992C064276A4FC2009FB111 /* Sign_Up_DemoTests.swift in Sources */,
			);
			runOnlyForDeploymentPostprocessing = 0;
		};
		D992C065276A4FC2009FB111 /* Sources */ = {
			isa = PBXSourcesBuildPhase;
			buildActionMask = 2147483647;
			files = (
				D992C06E276A4FC2009FB111 /* Sign_Up_DemoUITests.swift in Sources */,
				D992C070276A4FC2009FB111 /* Sign_Up_DemoUITestsLaunchTests.swift in Sources */,
			);
			runOnlyForDeploymentPostprocessing = 0;
		};
/* End PBXSourcesBuildPhase section */

/* Begin PBXTargetDependency section */
		D992C061276A4FC2009FB111 /* PBXTargetDependency */ = {
			isa = PBXTargetDependency;
			target = D992C048276A4FC0009FB111 /* Sign_Up_Demo */;
			targetProxy = D992C060276A4FC2009FB111 /* PBXContainerItemProxy */;
		};
		D992C06B276A4FC2009FB111 /* PBXTargetDependency */ = {
			isa = PBXTargetDependency;
			target = D992C048276A4FC0009FB111 /* Sign_Up_Demo */;
			targetProxy = D992C06A276A4FC2009FB111 /* PBXContainerItemProxy */;
		};
/* End PBXTargetDependency section */

/* Begin PBXVariantGroup section */
		D992C052276A4FC0009FB111 /* Main.storyboard */ = {
			isa = PBXVariantGroup;
			children = (
				D992C053276A4FC0009FB111 /* Base */,
			);
			name = Main.storyboard;
			sourceTree = "<group>";
		};
		D992C057276A4FC2009FB111 /* LaunchScreen.storyboard */ = {
			isa = PBXVariantGroup;
			children = (
				D992C058276A4FC2009FB111 /* Base */,
			);
			name = LaunchScreen.storyboard;
			sourceTree = "<group>";
		};
/* End PBXVariantGroup section */

/* Begin XCBuildConfiguration section */
		D992C071276A4FC2009FB111 /* Debug */ = {
			isa = XCBuildConfiguration;
			buildSettings = {
				ALWAYS_SEARCH_USER_PATHS = YES;
				CLANG_ANALYZER_NONNULL = YES;
				CLANG_ANALYZER_NUMBER_OBJECT_CONVERSION = YES_AGGRESSIVE;
				CLANG_CXX_LANGUAGE_STANDARD = "gnu++17";
				CLANG_CXX_LIBRARY = "libc++";
				CLANG_ENABLE_MODULES = YES;
				CLANG_ENABLE_OBJC_ARC = YES;
				CLANG_ENABLE_OBJC_WEAK = YES;
				CLANG_WARN_BLOCK_CAPTURE_AUTORELEASING = YES;
				CLANG_WARN_BOOL_CONVERSION = YES;
				CLANG_WARN_COMMA = YES;
				CLANG_WARN_CONSTANT_CONVERSION = YES;
				CLANG_WARN_DEPRECATED_OBJC_IMPLEMENTATIONS = YES;
				CLANG_WARN_DIRECT_OBJC_ISA_USAGE = YES_ERROR;
				CLANG_WARN_DOCUMENTATION_COMMENTS = YES;
				CLANG_WARN_EMPTY_BODY = YES;
				CLANG_WARN_ENUM_CONVERSION = YES;
				CLANG_WARN_INFINITE_RECURSION = YES;
				CLANG_WARN_INT_CONVERSION = YES;
				CLANG_WARN_NON_LITERAL_NULL_CONVERSION = YES;
				CLANG_WARN_OBJC_IMPLICIT_RETAIN_SELF = YES;
				CLANG_WARN_OBJC_LITERAL_CONVERSION = YES;
				CLANG_WARN_OBJC_ROOT_CLASS = YES_ERROR;
				CLANG_WARN_QUOTED_INCLUDE_IN_FRAMEWORK_HEADER = YES;
				CLANG_WARN_RANGE_LOOP_ANALYSIS = YES;
				CLANG_WARN_STRICT_PROTOTYPES = YES;
				CLANG_WARN_SUSPICIOUS_MOVE = YES;
				CLANG_WARN_UNGUARDED_AVAILABILITY = YES_AGGRESSIVE;
				CLANG_WARN_UNREACHABLE_CODE = YES;
				CLANG_WARN__DUPLICATE_METHOD_MATCH = YES;
				COPY_PHASE_STRIP = NO;
				DEBUG_INFORMATION_FORMAT = dwarf;
				ENABLE_STRICT_OBJC_MSGSEND = YES;
				ENABLE_TESTABILITY = YES;
				GCC_C_LANGUAGE_STANDARD = gnu11;
				GCC_DYNAMIC_NO_PIC = NO;
				GCC_NO_COMMON_BLOCKS = YES;
				GCC_OPTIMIZATION_LEVEL = 0;
				GCC_PREPROCESSOR_DEFINITIONS = (
					"DEBUG=1",
					"$(inherited)",
				);
				GCC_WARN_64_TO_32_BIT_CONVERSION = YES;
				GCC_WARN_ABOUT_RETURN_TYPE = YES_ERROR;
				GCC_WARN_UNDECLARED_SELECTOR = YES;
				GCC_WARN_UNINITIALIZED_AUTOS = YES_AGGRESSIVE;
				GCC_WARN_UNUSED_FUNCTION = YES;
				GCC_WARN_UNUSED_VARIABLE = YES;
				IPHONEOS_DEPLOYMENT_TARGET = 15.0;
				MTL_ENABLE_DEBUG_INFO = INCLUDE_SOURCE;
				MTL_FAST_MATH = YES;
				ONLY_ACTIVE_ARCH = YES;
				SDKROOT = iphoneos;
				SWIFT_ACTIVE_COMPILATION_CONDITIONS = DEBUG;
				SWIFT_OPTIMIZATION_LEVEL = "-Onone";
			};
			name = Debug;
		};
		D992C072276A4FC2009FB111 /* Release */ = {
			isa = XCBuildConfiguration;
			buildSettings = {
				ALWAYS_SEARCH_USER_PATHS = YES;
				CLANG_ANALYZER_NONNULL = YES;
				CLANG_ANALYZER_NUMBER_OBJECT_CONVERSION = YES_AGGRESSIVE;
				CLANG_CXX_LANGUAGE_STANDARD = "gnu++17";
				CLANG_CXX_LIBRARY = "libc++";
				CLANG_ENABLE_MODULES = YES;
				CLANG_ENABLE_OBJC_ARC = YES;
				CLANG_ENABLE_OBJC_WEAK = YES;
				CLANG_WARN_BLOCK_CAPTURE_AUTORELEASING = YES;
				CLANG_WARN_BOOL_CONVERSION = YES;
				CLANG_WARN_COMMA = YES;
				CLANG_WARN_CONSTANT_CONVERSION = YES;
				CLANG_WARN_DEPRECATED_OBJC_IMPLEMENTATIONS = YES;
				CLANG_WARN_DIRECT_OBJC_ISA_USAGE = YES_ERROR;
				CLANG_WARN_DOCUMENTATION_COMMENTS = YES;
				CLANG_WARN_EMPTY_BODY = YES;
				CLANG_WARN_ENUM_CONVERSION = YES;
				CLANG_WARN_INFINITE_RECURSION = YES;
				CLANG_WARN_INT_CONVERSION = YES;
				CLANG_WARN_NON_LITERAL_NULL_CONVERSION = YES;
				CLANG_WARN_OBJC_IMPLICIT_RETAIN_SELF = YES;
				CLANG_WARN_OBJC_LITERAL_CONVERSION = YES;
				CLANG_WARN_OBJC_ROOT_CLASS = YES_ERROR;
				CLANG_WARN_QUOTED_INCLUDE_IN_FRAMEWORK_HEADER = YES;
				CLANG_WARN_RANGE_LOOP_ANALYSIS = YES;
				CLANG_WARN_STRICT_PROTOTYPES = YES;
				CLANG_WARN_SUSPICIOUS_MOVE = YES;
				CLANG_WARN_UNGUARDED_AVAILABILITY = YES_AGGRESSIVE;
				CLANG_WARN_UNREACHABLE_CODE = YES;
				CLANG_WARN__DUPLICATE_METHOD_MATCH = YES;
				COPY_PHASE_STRIP = NO;
				DEBUG_INFORMATION_FORMAT = "dwarf-with-dsym";
				ENABLE_NS_ASSERTIONS = NO;
				ENABLE_STRICT_OBJC_MSGSEND = YES;
				GCC_C_LANGUAGE_STANDARD = gnu11;
				GCC_NO_COMMON_BLOCKS = YES;
				GCC_WARN_64_TO_32_BIT_CONVERSION = YES;
				GCC_WARN_ABOUT_RETURN_TYPE = YES_ERROR;
				GCC_WARN_UNDECLARED_SELECTOR = YES;
				GCC_WARN_UNINITIALIZED_AUTOS = YES_AGGRESSIVE;
				GCC_WARN_UNUSED_FUNCTION = YES;
				GCC_WARN_UNUSED_VARIABLE = YES;
				IPHONEOS_DEPLOYMENT_TARGET = 15.0;
				MTL_ENABLE_DEBUG_INFO = NO;
				MTL_FAST_MATH = YES;
				SDKROOT = iphoneos;
				SWIFT_COMPILATION_MODE = wholemodule;
				SWIFT_OPTIMIZATION_LEVEL = "-O";
				VALIDATE_PRODUCT = YES;
			};
			name = Release;
		};
		D992C074276A4FC2009FB111 /* Debug */ = {
			isa = XCBuildConfiguration;
			buildSettings = {
				ASSETCATALOG_COMPILER_APPICON_NAME = AppIcon;
				ASSETCATALOG_COMPILER_GLOBAL_ACCENT_COLOR_NAME = AccentColor;
				CODE_SIGN_STYLE = Automatic;
				CURRENT_PROJECT_VERSION = 1;
				GENERATE_INFOPLIST_FILE = YES;
				INFOPLIST_FILE = Sign_Up_Demo/Info.plist;
				INFOPLIST_KEY_UIApplicationSupportsIndirectInputEvents = YES;
				INFOPLIST_KEY_UILaunchStoryboardName = LaunchScreen;
				INFOPLIST_KEY_UIMainStoryboardFile = Main;
				INFOPLIST_KEY_UISupportedInterfaceOrientations_iPad = "UIInterfaceOrientationPortrait UIInterfaceOrientationPortraitUpsideDown UIInterfaceOrientationLandscapeLeft UIInterfaceOrientationLandscapeRight";
				INFOPLIST_KEY_UISupportedInterfaceOrientations_iPhone = "UIInterfaceOrientationPortrait UIInterfaceOrientationLandscapeLeft UIInterfaceOrientationLandscapeRight";
				LD_RUNPATH_SEARCH_PATHS = (
					"$(inherited)",
					"@executable_path/Frameworks",
				);
				MARKETING_VERSION = 1.0;
				PRODUCT_BUNDLE_IDENTIFIER = "com.brainx.Sign-Up-Demo";
				PRODUCT_NAME = "$(TARGET_NAME)";
				SWIFT_EMIT_LOC_STRINGS = YES;
				SWIFT_VERSION = 5.0;
				TARGETED_DEVICE_FAMILY = "1,2";
			};
			name = Debug;
		};
		D992C075276A4FC2009FB111 /* Release */ = {
			isa = XCBuildConfiguration;
			buildSettings = {
				ASSETCATALOG_COMPILER_APPICON_NAME = AppIcon;
				ASSETCATALOG_COMPILER_GLOBAL_ACCENT_COLOR_NAME = AccentColor;
				CODE_SIGN_STYLE = Automatic;
				CURRENT_PROJECT_VERSION = 1;
				GENERATE_INFOPLIST_FILE = YES;
				INFOPLIST_FILE = Sign_Up_Demo/Info.plist;
				INFOPLIST_KEY_UIApplicationSupportsIndirectInputEvents = YES;
				INFOPLIST_KEY_UILaunchStoryboardName = LaunchScreen;
				INFOPLIST_KEY_UIMainStoryboardFile = Main;
				INFOPLIST_KEY_UISupportedInterfaceOrientations_iPad = "UIInterfaceOrientationPortrait UIInterfaceOrientationPortraitUpsideDown UIInterfaceOrientationLandscapeLeft UIInterfaceOrientationLandscapeRight";
				INFOPLIST_KEY_UISupportedInterfaceOrientations_iPhone = "UIInterfaceOrientationPortrait UIInterfaceOrientationLandscapeLeft UIInterfaceOrientationLandscapeRight";
				LD_RUNPATH_SEARCH_PATHS = (
					"$(inherited)",
					"@executable_path/Frameworks",
				);
				MARKETING_VERSION = 1.0;
				PRODUCT_BUNDLE_IDENTIFIER = "com.brainx.Sign-Up-Demo";
				PRODUCT_NAME = "$(TARGET_NAME)";
				SWIFT_EMIT_LOC_STRINGS = YES;
				SWIFT_VERSION = 5.0;
				TARGETED_DEVICE_FAMILY = "1,2";
			};
			name = Release;
		};
		D992C077276A4FC2009FB111 /* Debug */ = {
			isa = XCBuildConfiguration;
			buildSettings = {
				ALWAYS_EMBED_SWIFT_STANDARD_LIBRARIES = YES;
				BUNDLE_LOADER = "$(TEST_HOST)";
				CODE_SIGN_STYLE = Automatic;
				CURRENT_PROJECT_VERSION = 1;
				GENERATE_INFOPLIST_FILE = YES;
				IPHONEOS_DEPLOYMENT_TARGET = 15.0;
				LD_RUNPATH_SEARCH_PATHS = (
					"$(inherited)",
					"@executable_path/Frameworks",
					"@loader_path/Frameworks",
				);
				MARKETING_VERSION = 1.0;
				PRODUCT_BUNDLE_IDENTIFIER = "com.brainx.Sign-Up-DemoTests";
				PRODUCT_NAME = "$(TARGET_NAME)";
				SWIFT_EMIT_LOC_STRINGS = NO;
				SWIFT_VERSION = 5.0;
				TARGETED_DEVICE_FAMILY = "1,2";
				TEST_HOST = "$(BUILT_PRODUCTS_DIR)/Sign_Up_Demo.app/Sign_Up_Demo";
			};
			name = Debug;
		};
		D992C078276A4FC2009FB111 /* Release */ = {
			isa = XCBuildConfiguration;
			buildSettings = {
				ALWAYS_EMBED_SWIFT_STANDARD_LIBRARIES = YES;
				BUNDLE_LOADER = "$(TEST_HOST)";
				CODE_SIGN_STYLE = Automatic;
				CURRENT_PROJECT_VERSION = 1;
				GENERATE_INFOPLIST_FILE = YES;
				IPHONEOS_DEPLOYMENT_TARGET = 15.0;
				LD_RUNPATH_SEARCH_PATHS = (
					"$(inherited)",
					"@executable_path/Frameworks",
					"@loader_path/Frameworks",
				);
				MARKETING_VERSION = 1.0;
				PRODUCT_BUNDLE_IDENTIFIER = "com.brainx.Sign-Up-DemoTests";
				PRODUCT_NAME = "$(TARGET_NAME)";
				SWIFT_EMIT_LOC_STRINGS = NO;
				SWIFT_VERSION = 5.0;
				TARGETED_DEVICE_FAMILY = "1,2";
				TEST_HOST = "$(BUILT_PRODUCTS_DIR)/Sign_Up_Demo.app/Sign_Up_Demo";
			};
			name = Release;
		};
		D992C07A276A4FC2009FB111 /* Debug */ = {
			isa = XCBuildConfiguration;
			buildSettings = {
				ALWAYS_EMBED_SWIFT_STANDARD_LIBRARIES = YES;
				CODE_SIGN_STYLE = Automatic;
				CURRENT_PROJECT_VERSION = 1;
				GENERATE_INFOPLIST_FILE = YES;
				LD_RUNPATH_SEARCH_PATHS = (
					"$(inherited)",
					"@executable_path/Frameworks",
					"@loader_path/Frameworks",
				);
				MARKETING_VERSION = 1.0;
				PRODUCT_BUNDLE_IDENTIFIER = "com.brainx.Sign-Up-DemoUITests";
				PRODUCT_NAME = "$(TARGET_NAME)";
				SWIFT_EMIT_LOC_STRINGS = NO;
				SWIFT_VERSION = 5.0;
				TARGETED_DEVICE_FAMILY = "1,2";
				TEST_TARGET_NAME = Sign_Up_Demo;
			};
			name = Debug;
		};
		D992C07B276A4FC2009FB111 /* Release */ = {
			isa = XCBuildConfiguration;
			buildSettings = {
				ALWAYS_EMBED_SWIFT_STANDARD_LIBRARIES = YES;
				CODE_SIGN_STYLE = Automatic;
				CURRENT_PROJECT_VERSION = 1;
				GENERATE_INFOPLIST_FILE = YES;
				LD_RUNPATH_SEARCH_PATHS = (
					"$(inherited)",
					"@executable_path/Frameworks",
					"@loader_path/Frameworks",
				);
				MARKETING_VERSION = 1.0;
				PRODUCT_BUNDLE_IDENTIFIER = "com.brainx.Sign-Up-DemoUITests";
				PRODUCT_NAME = "$(TARGET_NAME)";
				SWIFT_EMIT_LOC_STRINGS = NO;
				SWIFT_VERSION = 5.0;
				TARGETED_DEVICE_FAMILY = "1,2";
				TEST_TARGET_NAME = Sign_Up_Demo;
			};
			name = Release;
		};
/* End XCBuildConfiguration section */

/* Begin XCConfigurationList section */
		D992C044276A4FC0009FB111 /* Build configuration list for PBXProject "Sign_Up_Demo" */ = {
			isa = XCConfigurationList;
			buildConfigurations = (
				D992C071276A4FC2009FB111 /* Debug */,
				D992C072276A4FC2009FB111 /* Release */,
			);
			defaultConfigurationIsVisible = 0;
			defaultConfigurationName = Release;
		};
		D992C073276A4FC2009FB111 /* Build configuration list for PBXNativeTarget "Sign_Up_Demo" */ = {
			isa = XCConfigurationList;
			buildConfigurations = (
				D992C074276A4FC2009FB111 /* Debug */,
				D992C075276A4FC2009FB111 /* Release */,
			);
			defaultConfigurationIsVisible = 0;
			defaultConfigurationName = Release;
		};
		D992C076276A4FC2009FB111 /* Build configuration list for PBXNativeTarget "Sign_Up_DemoTests" */ = {
			isa = XCConfigurationList;
			buildConfigurations = (
				D992C077276A4FC2009FB111 /* Debug */,
				D992C078276A4FC2009FB111 /* Release */,
			);
			defaultConfigurationIsVisible = 0;
			defaultConfigurationName = Release;
		};
		D992C079276A4FC2009FB111 /* Build configuration list for PBXNativeTarget "Sign_Up_DemoUITests" */ = {
			isa = XCConfigurationList;
			buildConfigurations = (
				D992C07A276A4FC2009FB111 /* Debug */,
				D992C07B276A4FC2009FB111 /* Release */,
			);
			defaultConfigurationIsVisible = 0;
			defaultConfigurationName = Release;
		};
/* End XCConfigurationList section */
	};
	rootObject = D992C041276A4FC0009FB111 /* Project object */;
}
